// !$*UTF8*$!
{
	archiveVersion = 1;
	classes = {
	};
	objectVersion = 46;
	objects = {

/* Begin PBXBuildFile section */
		923D8A421E80F08B00981375 /* CellViewController.swift in Sources */ = {isa = PBXBuildFile; fileRef = 923D8A411E80F08B00981375 /* CellViewController.swift */; };
		923D8A451E810C1200981375 /* Main.storyboard in Resources */ = {isa = PBXBuildFile; fileRef = 923D8A431E810C1200981375 /* Main.storyboard */; };
		92428A121E4DD26700E82D0B /* AppDelegate.swift in Sources */ = {isa = PBXBuildFile; fileRef = 92428A111E4DD26700E82D0B /* AppDelegate.swift */; };
		92428A141E4DD26700E82D0B /* ViewController.swift in Sources */ = {isa = PBXBuildFile; fileRef = 92428A131E4DD26700E82D0B /* ViewController.swift */; };
		92428A191E4DD26700E82D0B /* Assets.xcassets in Resources */ = {isa = PBXBuildFile; fileRef = 92428A181E4DD26700E82D0B /* Assets.xcassets */; };
		92428A1C1E4DD26700E82D0B /* LaunchScreen.storyboard in Resources */ = {isa = PBXBuildFile; fileRef = 92428A1A1E4DD26700E82D0B /* LaunchScreen.storyboard */; };
		92428A271E4DD26700E82D0B /* DayTreeTests.swift in Sources */ = {isa = PBXBuildFile; fileRef = 92428A261E4DD26700E82D0B /* DayTreeTests.swift */; };
		92428A321E4DD26700E82D0B /* DayTreeUITests.swift in Sources */ = {isa = PBXBuildFile; fileRef = 92428A311E4DD26700E82D0B /* DayTreeUITests.swift */; };
		92428A471E4DDD3800E82D0B /* img0.jpg in Resources */ = {isa = PBXBuildFile; fileRef = 92428A3F1E4DDD3800E82D0B /* img0.jpg */; };
		92428A481E4DDD3800E82D0B /* img1.jpg in Resources */ = {isa = PBXBuildFile; fileRef = 92428A401E4DDD3800E82D0B /* img1.jpg */; };
		92428A491E4DDD3800E82D0B /* img2.jpg in Resources */ = {isa = PBXBuildFile; fileRef = 92428A411E4DDD3800E82D0B /* img2.jpg */; };
		92428A4A1E4DDD3800E82D0B /* img3.jpg in Resources */ = {isa = PBXBuildFile; fileRef = 92428A421E4DDD3800E82D0B /* img3.jpg */; };
		92428A4B1E4DDD3800E82D0B /* img4.jpg in Resources */ = {isa = PBXBuildFile; fileRef = 92428A431E4DDD3800E82D0B /* img4.jpg */; };
		92428A4C1E4DDD3800E82D0B /* img5.jpg in Resources */ = {isa = PBXBuildFile; fileRef = 92428A441E4DDD3800E82D0B /* img5.jpg */; };
		92428A4D1E4DDD3800E82D0B /* img6.jpg in Resources */ = {isa = PBXBuildFile; fileRef = 92428A451E4DDD3800E82D0B /* img6.jpg */; };
		92428A4E1E4DDD3800E82D0B /* img7.jpg in Resources */ = {isa = PBXBuildFile; fileRef = 92428A461E4DDD3800E82D0B /* img7.jpg */; };
		92EBC52A1E834A1E005C858F /* NoImage.png in Resources */ = {isa = PBXBuildFile; fileRef = 92EBC5291E834A1E005C858F /* NoImage.png */; };
		92EBC52C1E834CA4005C858F /* green.png in Resources */ = {isa = PBXBuildFile; fileRef = 92EBC52B1E834CA4005C858F /* green.png */; };
/* End PBXBuildFile section */

/* Begin PBXContainerItemProxy section */
		92428A231E4DD26700E82D0B /* PBXContainerItemProxy */ = {
			isa = PBXContainerItemProxy;
			containerPortal = 92428A061E4DD26700E82D0B /* Project object */;
			proxyType = 1;
			remoteGlobalIDString = 92428A0D1E4DD26700E82D0B;
			remoteInfo = DayTree;
		};
		92428A2E1E4DD26700E82D0B /* PBXContainerItemProxy */ = {
			isa = PBXContainerItemProxy;
			containerPortal = 92428A061E4DD26700E82D0B /* Project object */;
			proxyType = 1;
			remoteGlobalIDString = 92428A0D1E4DD26700E82D0B;
			remoteInfo = DayTree;
		};
/* End PBXContainerItemProxy section */

/* Begin PBXFileReference section */
		923D8A411E80F08B00981375 /* CellViewController.swift */ = {isa = PBXFileReference; fileEncoding = 4; lastKnownFileType = sourcecode.swift; path = CellViewController.swift; sourceTree = "<group>"; };
		923D8A441E810C1200981375 /* Base */ = {isa = PBXFileReference; lastKnownFileType = file.storyboard; name = Base; path = Base.lproj/Main.storyboard; sourceTree = "<group>"; };
		92428A0E1E4DD26700E82D0B /* DayTree.app */ = {isa = PBXFileReference; explicitFileType = wrapper.application; includeInIndex = 0; path = DayTree.app; sourceTree = BUILT_PRODUCTS_DIR; };
		92428A111E4DD26700E82D0B /* AppDelegate.swift */ = {isa = PBXFileReference; lastKnownFileType = sourcecode.swift; path = AppDelegate.swift; sourceTree = "<group>"; };
		92428A131E4DD26700E82D0B /* ViewController.swift */ = {isa = PBXFileReference; lastKnownFileType = sourcecode.swift; path = ViewController.swift; sourceTree = "<group>"; };
		92428A181E4DD26700E82D0B /* Assets.xcassets */ = {isa = PBXFileReference; lastKnownFileType = folder.assetcatalog; path = Assets.xcassets; sourceTree = "<group>"; };
		92428A1B1E4DD26700E82D0B /* Base */ = {isa = PBXFileReference; lastKnownFileType = file.storyboard; name = Base; path = Base.lproj/LaunchScreen.storyboard; sourceTree = "<group>"; };
		92428A1D1E4DD26700E82D0B /* Info.plist */ = {isa = PBXFileReference; lastKnownFileType = text.plist.xml; path = Info.plist; sourceTree = "<group>"; };
		92428A221E4DD26700E82D0B /* DayTreeTests.xctest */ = {isa = PBXFileReference; explicitFileType = wrapper.cfbundle; includeInIndex = 0; path = DayTreeTests.xctest; sourceTree = BUILT_PRODUCTS_DIR; };
		92428A261E4DD26700E82D0B /* DayTreeTests.swift */ = {isa = PBXFileReference; lastKnownFileType = sourcecode.swift; path = DayTreeTests.swift; sourceTree = "<group>"; };
		92428A281E4DD26700E82D0B /* Info.plist */ = {isa = PBXFileReference; lastKnownFileType = text.plist.xml; path = Info.plist; sourceTree = "<group>"; };
		92428A2D1E4DD26700E82D0B /* DayTreeUITests.xctest */ = {isa = PBXFileReference; explicitFileType = wrapper.cfbundle; includeInIndex = 0; path = DayTreeUITests.xctest; sourceTree = BUILT_PRODUCTS_DIR; };
		92428A311E4DD26700E82D0B /* DayTreeUITests.swift */ = {isa = PBXFileReference; lastKnownFileType = sourcecode.swift; path = DayTreeUITests.swift; sourceTree = "<group>"; };
		92428A331E4DD26700E82D0B /* Info.plist */ = {isa = PBXFileReference; lastKnownFileType = text.plist.xml; path = Info.plist; sourceTree = "<group>"; };
		92428A3F1E4DDD3800E82D0B /* img0.jpg */ = {isa = PBXFileReference; lastKnownFileType = image.jpeg; path = img0.jpg; sourceTree = "<group>"; };
		92428A401E4DDD3800E82D0B /* img1.jpg */ = {isa = PBXFileReference; lastKnownFileType = image.jpeg; path = img1.jpg; sourceTree = "<group>"; };
		92428A411E4DDD3800E82D0B /* img2.jpg */ = {isa = PBXFileReference; lastKnownFileType = image.jpeg; path = img2.jpg; sourceTree = "<group>"; };
		92428A421E4DDD3800E82D0B /* img3.jpg */ = {isa = PBXFileReference; lastKnownFileType = image.jpeg; path = img3.jpg; sourceTree = "<group>"; };
		92428A431E4DDD3800E82D0B /* img4.jpg */ = {isa = PBXFileReference; lastKnownFileType = image.jpeg; path = img4.jpg; sourceTree = "<group>"; };
		92428A441E4DDD3800E82D0B /* img5.jpg */ = {isa = PBXFileReference; lastKnownFileType = image.jpeg; path = img5.jpg; sourceTree = "<group>"; };
		92428A451E4DDD3800E82D0B /* img6.jpg */ = {isa = PBXFileReference; lastKnownFileType = image.jpeg; path = img6.jpg; sourceTree = "<group>"; };
		92428A461E4DDD3800E82D0B /* img7.jpg */ = {isa = PBXFileReference; lastKnownFileType = image.jpeg; path = img7.jpg; sourceTree = "<group>"; };
		92EBC5291E834A1E005C858F /* NoImage.png */ = {isa = PBXFileReference; lastKnownFileType = image.png; name = NoImage.png; path = ../../../Desktop/NoImage.png; sourceTree = "<group>"; };
		92EBC52B1E834CA4005C858F /* green.png */ = {isa = PBXFileReference; lastKnownFileType = image.png; name = green.png; path = ../../../Desktop/green.png; sourceTree = "<group>"; };
/* End PBXFileReference section */

/* Begin PBXFrameworksBuildPhase section */
		92428A0B1E4DD26700E82D0B /* Frameworks */ = {
			isa = PBXFrameworksBuildPhase;
			buildActionMask = 2147483647;
			files = (
			);
			runOnlyForDeploymentPostprocessing = 0;
		};
		92428A1F1E4DD26700E82D0B /* Frameworks */ = {
			isa = PBXFrameworksBuildPhase;
			buildActionMask = 2147483647;
			files = (
			);
			runOnlyForDeploymentPostprocessing = 0;
		};
		92428A2A1E4DD26700E82D0B /* Frameworks */ = {
			isa = PBXFrameworksBuildPhase;
			buildActionMask = 2147483647;
			files = (
			);
			runOnlyForDeploymentPostprocessing = 0;
		};
/* End PBXFrameworksBuildPhase section */

/* Begin PBXGroup section */
		92428A051E4DD26700E82D0B = {
			isa = PBXGroup;
			children = (
				92428A101E4DD26700E82D0B /* DayTree */,
				92428A251E4DD26700E82D0B /* DayTreeTests */,
				92428A301E4DD26700E82D0B /* DayTreeUITests */,
				92428A0F1E4DD26700E82D0B /* Products */,
			);
			sourceTree = "<group>";
		};
		92428A0F1E4DD26700E82D0B /* Products */ = {
			isa = PBXGroup;
			children = (
				92428A0E1E4DD26700E82D0B /* DayTree.app */,
				92428A221E4DD26700E82D0B /* DayTreeTests.xctest */,
				92428A2D1E4DD26700E82D0B /* DayTreeUITests.xctest */,
			);
			name = Products;
			sourceTree = "<group>";
		};
		92428A101E4DD26700E82D0B /* DayTree */ = {
			isa = PBXGroup;
			children = (
				92EBC52B1E834CA4005C858F /* green.png */,
				92EBC5291E834A1E005C858F /* NoImage.png */,
				92428A111E4DD26700E82D0B /* AppDelegate.swift */,
				92428A131E4DD26700E82D0B /* ViewController.swift */,
				923D8A411E80F08B00981375 /* CellViewController.swift */,
				923D8A431E810C1200981375 /* Main.storyboard */,
				92428A181E4DD26700E82D0B /* Assets.xcassets */,
				92428A1A1E4DD26700E82D0B /* LaunchScreen.storyboard */,
				92428A1D1E4DD26700E82D0B /* Info.plist */,
				92428A3F1E4DDD3800E82D0B /* img0.jpg */,
				92428A401E4DDD3800E82D0B /* img1.jpg */,
				92428A411E4DDD3800E82D0B /* img2.jpg */,
				92428A421E4DDD3800E82D0B /* img3.jpg */,
				92428A431E4DDD3800E82D0B /* img4.jpg */,
				92428A441E4DDD3800E82D0B /* img5.jpg */,
				92428A451E4DDD3800E82D0B /* img6.jpg */,
				92428A461E4DDD3800E82D0B /* img7.jpg */,
			);
			path = DayTree;
			sourceTree = "<group>";
		};
		92428A251E4DD26700E82D0B /* DayTreeTests */ = {
			isa = PBXGroup;
			children = (
				92428A261E4DD26700E82D0B /* DayTreeTests.swift */,
				92428A281E4DD26700E82D0B /* Info.plist */,
			);
			path = DayTreeTests;
			sourceTree = "<group>";
		};
		92428A301E4DD26700E82D0B /* DayTreeUITests */ = {
			isa = PBXGroup;
			children = (
				92428A311E4DD26700E82D0B /* DayTreeUITests.swift */,
				92428A331E4DD26700E82D0B /* Info.plist */,
			);
			path = DayTreeUITests;
			sourceTree = "<group>";
		};
/* End PBXGroup section */

/* Begin PBXNativeTarget section */
		92428A0D1E4DD26700E82D0B /* DayTree */ = {
			isa = PBXNativeTarget;
			buildConfigurationList = 92428A361E4DD26700E82D0B /* Build configuration list for PBXNativeTarget "DayTree" */;
			buildPhases = (
				92428A0A1E4DD26700E82D0B /* Sources */,
				92428A0B1E4DD26700E82D0B /* Frameworks */,
				92428A0C1E4DD26700E82D0B /* Resources */,
			);
			buildRules = (
			);
			dependencies = (
			);
			name = DayTree;
			productName = DayTree;
			productReference = 92428A0E1E4DD26700E82D0B /* DayTree.app */;
			productType = "com.apple.product-type.application";
		};
		92428A211E4DD26700E82D0B /* DayTreeTests */ = {
			isa = PBXNativeTarget;
			buildConfigurationList = 92428A391E4DD26700E82D0B /* Build configuration list for PBXNativeTarget "DayTreeTests" */;
			buildPhases = (
				92428A1E1E4DD26700E82D0B /* Sources */,
				92428A1F1E4DD26700E82D0B /* Frameworks */,
				92428A201E4DD26700E82D0B /* Resources */,
			);
			buildRules = (
			);
			dependencies = (
				92428A241E4DD26700E82D0B /* PBXTargetDependency */,
			);
			name = DayTreeTests;
			productName = DayTreeTests;
			productReference = 92428A221E4DD26700E82D0B /* DayTreeTests.xctest */;
			productType = "com.apple.product-type.bundle.unit-test";
		};
		92428A2C1E4DD26700E82D0B /* DayTreeUITests */ = {
			isa = PBXNativeTarget;
			buildConfigurationList = 92428A3C1E4DD26700E82D0B /* Build configuration list for PBXNativeTarget "DayTreeUITests" */;
			buildPhases = (
				92428A291E4DD26700E82D0B /* Sources */,
				92428A2A1E4DD26700E82D0B /* Frameworks */,
				92428A2B1E4DD26700E82D0B /* Resources */,
			);
			buildRules = (
			);
			dependencies = (
				92428A2F1E4DD26700E82D0B /* PBXTargetDependency */,
			);
			name = DayTreeUITests;
			productName = DayTreeUITests;
			productReference = 92428A2D1E4DD26700E82D0B /* DayTreeUITests.xctest */;
			productType = "com.apple.product-type.bundle.ui-testing";
		};
/* End PBXNativeTarget section */

/* Begin PBXProject section */
		92428A061E4DD26700E82D0B /* Project object */ = {
			isa = PBXProject;
			attributes = {
				LastSwiftUpdateCheck = 0820;
				LastUpgradeCheck = 0820;
				ORGANIZATIONNAME = Yoshi;
				TargetAttributes = {
					92428A0D1E4DD26700E82D0B = {
						CreatedOnToolsVersion = 8.2.1;
						DevelopmentTeam = 4U939MWC6G;
						ProvisioningStyle = Automatic;
					};
					92428A211E4DD26700E82D0B = {
						CreatedOnToolsVersion = 8.2.1;
						ProvisioningStyle = Automatic;
						TestTargetID = 92428A0D1E4DD26700E82D0B;
					};
					92428A2C1E4DD26700E82D0B = {
						CreatedOnToolsVersion = 8.2.1;
						ProvisioningStyle = Automatic;
						TestTargetID = 92428A0D1E4DD26700E82D0B;
					};
				};
			};
			buildConfigurationList = 92428A091E4DD26700E82D0B /* Build configuration list for PBXProject "DayTree" */;
			compatibilityVersion = "Xcode 3.2";
			developmentRegion = English;
			hasScannedForEncodings = 0;
			knownRegions = (
				en,
				Base,
			);
			mainGroup = 92428A051E4DD26700E82D0B;
			productRefGroup = 92428A0F1E4DD26700E82D0B /* Products */;
			projectDirPath = "";
			projectRoot = "";
			targets = (
				92428A0D1E4DD26700E82D0B /* DayTree */,
				92428A211E4DD26700E82D0B /* DayTreeTests */,
				92428A2C1E4DD26700E82D0B /* DayTreeUITests */,
			);
		};
/* End PBXProject section */

/* Begin PBXResourcesBuildPhase section */
		92428A0C1E4DD26700E82D0B /* Resources */ = {
			isa = PBXResourcesBuildPhase;
			buildActionMask = 2147483647;
			files = (
				92428A4E1E4DDD3800E82D0B /* img7.jpg in Resources */,
				92428A4B1E4DDD3800E82D0B /* img4.jpg in Resources */,
				92428A471E4DDD3800E82D0B /* img0.jpg in Resources */,
				92428A481E4DDD3800E82D0B /* img1.jpg in Resources */,
				92428A1C1E4DD26700E82D0B /* LaunchScreen.storyboard in Resources */,
				923D8A451E810C1200981375 /* Main.storyboard in Resources */,
				92428A4C1E4DDD3800E82D0B /* img5.jpg in Resources */,
				92428A4A1E4DDD3800E82D0B /* img3.jpg in Resources */,
				92428A4D1E4DDD3800E82D0B /* img6.jpg in Resources */,
				92EBC52C1E834CA4005C858F /* green.png in Resources */,
				92428A191E4DD26700E82D0B /* Assets.xcassets in Resources */,
				92EBC52A1E834A1E005C858F /* NoImage.png in Resources */,
				92428A491E4DDD3800E82D0B /* img2.jpg in Resources */,
			);
			runOnlyForDeploymentPostprocessing = 0;
		};
		92428A201E4DD26700E82D0B /* Resources */ = {
			isa = PBXResourcesBuildPhase;
			buildActionMask = 2147483647;
			files = (
			);
			runOnlyForDeploymentPostprocessing = 0;
		};
		92428A2B1E4DD26700E82D0B /* Resources */ = {
			isa = PBXResourcesBuildPhase;
			buildActionMask = 2147483647;
			files = (
			);
			runOnlyForDeploymentPostprocessing = 0;
		};
/* End PBXResourcesBuildPhase section */

/* Begin PBXSourcesBuildPhase section */
		92428A0A1E4DD26700E82D0B /* Sources */ = {
			isa = PBXSourcesBuildPhase;
			buildActionMask = 2147483647;
			files = (
				923D8A421E80F08B00981375 /* CellViewController.swift in Sources */,
				92428A141E4DD26700E82D0B /* ViewController.swift in Sources */,
				92428A121E4DD26700E82D0B /* AppDelegate.swift in Sources */,
			);
			runOnlyForDeploymentPostprocessing = 0;
		};
		92428A1E1E4DD26700E82D0B /* Sources */ = {
			isa = PBXSourcesBuildPhase;
			buildActionMask = 2147483647;
			files = (
				92428A271E4DD26700E82D0B /* DayTreeTests.swift in Sources */,
			);
			runOnlyForDeploymentPostprocessing = 0;
		};
		92428A291E4DD26700E82D0B /* Sources */ = {
			isa = PBXSourcesBuildPhase;
			buildActionMask = 2147483647;
			files = (
				92428A321E4DD26700E82D0B /* DayTreeUITests.swift in Sources */,
			);
			runOnlyForDeploymentPostprocessing = 0;
		};
/* End PBXSourcesBuildPhase section */

/* Begin PBXTargetDependency section */
		92428A241E4DD26700E82D0B /* PBXTargetDependency */ = {
			isa = PBXTargetDependency;
			target = 92428A0D1E4DD26700E82D0B /* DayTree */;
			targetProxy = 92428A231E4DD26700E82D0B /* PBXContainerItemProxy */;
		};
		92428A2F1E4DD26700E82D0B /* PBXTargetDependency */ = {
			isa = PBXTargetDependency;
			target = 92428A0D1E4DD26700E82D0B /* DayTree */;
			targetProxy = 92428A2E1E4DD26700E82D0B /* PBXContainerItemProxy */;
		};
/* End PBXTargetDependency section */

/* Begin PBXVariantGroup section */
		923D8A431E810C1200981375 /* Main.storyboard */ = {
			isa = PBXVariantGroup;
			children = (
				923D8A441E810C1200981375 /* Base */,
			);
			name = Main.storyboard;
			sourceTree = "<group>";
		};
		92428A1A1E4DD26700E82D0B /* LaunchScreen.storyboard */ = {
			isa = PBXVariantGroup;
			children = (
				92428A1B1E4DD26700E82D0B /* Base */,
			);
			name = LaunchScreen.storyboard;
			sourceTree = "<group>";
		};
/* End PBXVariantGroup section */

/* Begin XCBuildConfiguration section */
		92428A341E4DD26700E82D0B /* Debug */ = {
			isa = XCBuildConfiguration;
			buildSettings = {
				ALWAYS_SEARCH_USER_PATHS = NO;
				CLANG_ANALYZER_NONNULL = YES;
				CLANG_CXX_LANGUAGE_STANDARD = "gnu++0x";
				CLANG_CXX_LIBRARY = "libc++";
				CLANG_ENABLE_MODULES = YES;
				CLANG_ENABLE_OBJC_ARC = YES;
				CLANG_WARN_BOOL_CONVERSION = YES;
				CLANG_WARN_CONSTANT_CONVERSION = YES;
				CLANG_WARN_DIRECT_OBJC_ISA_USAGE = YES_ERROR;
				CLANG_WARN_DOCUMENTATION_COMMENTS = YES;
				CLANG_WARN_EMPTY_BODY = YES;
				CLANG_WARN_ENUM_CONVERSION = YES;
				CLANG_WARN_INFINITE_RECURSION = YES;
				CLANG_WARN_INT_CONVERSION = YES;
				CLANG_WARN_OBJC_ROOT_CLASS = YES_ERROR;
				CLANG_WARN_SUSPICIOUS_MOVE = YES;
				CLANG_WARN_UNREACHABLE_CODE = YES;
				CLANG_WARN__DUPLICATE_METHOD_MATCH = YES;
				"CODE_SIGN_IDENTITY[sdk=iphoneos*]" = "iPhone Developer";
				COPY_PHASE_STRIP = NO;
				DEBUG_INFORMATION_FORMAT = dwarf;
				ENABLE_STRICT_OBJC_MSGSEND = YES;
				ENABLE_TESTABILITY = YES;
				GCC_C_LANGUAGE_STANDARD = gnu99;
				GCC_DYNAMIC_NO_PIC = NO;
				GCC_NO_COMMON_BLOCKS = YES;
				GCC_OPTIMIZATION_LEVEL = 0;
				GCC_PREPROCESSOR_DEFINITIONS = (
					"DEBUG=1",
					"$(inherited)",
				);
				GCC_WARN_64_TO_32_BIT_CONVERSION = YES;
				GCC_WARN_ABOUT_RETURN_TYPE = YES_ERROR;
				GCC_WARN_UNDECLARED_SELECTOR = YES;
				GCC_WARN_UNINITIALIZED_AUTOS = YES_AGGRESSIVE;
				GCC_WARN_UNUSED_FUNCTION = YES;
				GCC_WARN_UNUSED_VARIABLE = YES;
				IPHONEOS_DEPLOYMENT_TARGET = 10.2;
				MTL_ENABLE_DEBUG_INFO = YES;
				ONLY_ACTIVE_ARCH = YES;
				SDKROOT = iphoneos;
				SWIFT_ACTIVE_COMPILATION_CONDITIONS = DEBUG;
				SWIFT_OPTIMIZATION_LEVEL = "-Onone";
			};
			name = Debug;
		};
		92428A351E4DD26700E82D0B /* Release */ = {
			isa = XCBuildConfiguration;
			buildSettings = {
				ALWAYS_SEARCH_USER_PATHS = NO;
				CLANG_ANALYZER_NONNULL = YES;
				CLANG_CXX_LANGUAGE_STANDARD = "gnu++0x";
				CLANG_CXX_LIBRARY = "libc++";
				CLANG_ENABLE_MODULES = YES;
				CLANG_ENABLE_OBJC_ARC = YES;
				CLANG_WARN_BOOL_CONVERSION = YES;
				CLANG_WARN_CONSTANT_CONVERSION = YES;
				CLANG_WARN_DIRECT_OBJC_ISA_USAGE = YES_ERROR;
				CLANG_WARN_DOCUMENTATION_COMMENTS = YES;
				CLANG_WARN_EMPTY_BODY = YES;
				CLANG_WARN_ENUM_CONVERSION = YES;
				CLANG_WARN_INFINITE_RECURSION = YES;
				CLANG_WARN_INT_CONVERSION = YES;
				CLANG_WARN_OBJC_ROOT_CLASS = YES_ERROR;
				CLANG_WARN_SUSPICIOUS_MOVE = YES;
				CLANG_WARN_UNREACHABLE_CODE = YES;
				CLANG_WARN__DUPLICATE_METHOD_MATCH = YES;
				"CODE_SIGN_IDENTITY[sdk=iphoneos*]" = "iPhone Developer";
				COPY_PHASE_STRIP = NO;
				DEBUG_INFORMATION_FORMAT = "dwarf-with-dsym";
				ENABLE_NS_ASSERTIONS = NO;
				ENABLE_STRICT_OBJC_MSGSEND = YES;
				GCC_C_LANGUAGE_STANDARD = gnu99;
				GCC_NO_COMMON_BLOCKS = YES;
				GCC_WARN_64_TO_32_BIT_CONVERSION = YES;
				GCC_WARN_ABOUT_RETURN_TYPE = YES_ERROR;
				GCC_WARN_UNDECLARED_SELECTOR = YES;
				GCC_WARN_UNINITIALIZED_AUTOS = YES_AGGRESSIVE;
				GCC_WARN_UNUSED_FUNCTION = YES;
				GCC_WARN_UNUSED_VARIABLE = YES;
				IPHONEOS_DEPLOYMENT_TARGET = 10.2;
				MTL_ENABLE_DEBUG_INFO = NO;
				SDKROOT = iphoneos;
				SWIFT_OPTIMIZATION_LEVEL = "-Owholemodule";
				VALIDATE_PRODUCT = YES;
			};
			name = Release;
		};
		92428A371E4DD26700E82D0B /* Debug */ = {
			isa = XCBuildConfiguration;
			buildSettings = {
				ASSETCATALOG_COMPILER_APPICON_NAME = AppIcon;
				DEVELOPMENT_TEAM = 4U939MWC6G;
				INFOPLIST_FILE = DayTree/Info.plist;
				LD_RUNPATH_SEARCH_PATHS = "$(inherited) @executable_path/Frameworks";
				PRODUCT_BUNDLE_IDENTIFIER = Shibahara.DayTree;
				PRODUCT_NAME = "$(TARGET_NAME)";
				SWIFT_VERSION = 3.0;
			};
			name = Debug;
		};
		92428A381E4DD26700E82D0B /* Release */ = {
			isa = XCBuildConfiguration;
			buildSettings = {
				ASSETCATALOG_COMPILER_APPICON_NAME = AppIcon;
				DEVELOPMENT_TEAM = 4U939MWC6G;
				INFOPLIST_FILE = DayTree/Info.plist;
				LD_RUNPATH_SEARCH_PATHS = "$(inherited) @executable_path/Frameworks";
				PRODUCT_BUNDLE_IDENTIFIER = Shibahara.DayTree;
				PRODUCT_NAME = "$(TARGET_NAME)";
				SWIFT_VERSION = 3.0;
			};
			name = Release;
		};
		92428A3A1E4DD26700E82D0B /* Debug */ = {
			isa = XCBuildConfiguration;
			buildSettings = {
				ALWAYS_EMBED_SWIFT_STANDARD_LIBRARIES = YES;
				BUNDLE_LOADER = "$(TEST_HOST)";
				INFOPLIST_FILE = DayTreeTests/Info.plist;
				LD_RUNPATH_SEARCH_PATHS = "$(inherited) @executable_path/Frameworks @loader_path/Frameworks";
				PRODUCT_BUNDLE_IDENTIFIER = Shibahara.DayTreeTests;
				PRODUCT_NAME = "$(TARGET_NAME)";
				SWIFT_VERSION = 3.0;
				TEST_HOST = "$(BUILT_PRODUCTS_DIR)/DayTree.app/DayTree";
			};
			name = Debug;
		};
		92428A3B1E4DD26700E82D0B /* Release */ = {
			isa = XCBuildConfiguration;
			buildSettings = {
				ALWAYS_EMBED_SWIFT_STANDARD_LIBRARIES = YES;
				BUNDLE_LOADER = "$(TEST_HOST)";
				INFOPLIST_FILE = DayTreeTests/Info.plist;
				LD_RUNPATH_SEARCH_PATHS = "$(inherited) @executable_path/Frameworks @loader_path/Frameworks";
				PRODUCT_BUNDLE_IDENTIFIER = Shibahara.DayTreeTests;
				PRODUCT_NAME = "$(TARGET_NAME)";
				SWIFT_VERSION = 3.0;
				TEST_HOST = "$(BUILT_PRODUCTS_DIR)/DayTree.app/DayTree";
			};
			name = Release;
		};
		92428A3D1E4DD26700E82D0B /* Debug */ = {
			isa = XCBuildConfiguration;
			buildSettings = {
				ALWAYS_EMBED_SWIFT_STANDARD_LIBRARIES = YES;
				INFOPLIST_FILE = DayTreeUITests/Info.plist;
				LD_RUNPATH_SEARCH_PATHS = "$(inherited) @executable_path/Frameworks @loader_path/Frameworks";
				PRODUCT_BUNDLE_IDENTIFIER = Shibahara.DayTreeUITests;
				PRODUCT_NAME = "$(TARGET_NAME)";
				SWIFT_VERSION = 3.0;
				TEST_TARGET_NAME = DayTree;
			};
			name = Debug;
		};
		92428A3E1E4DD26700E82D0B /* Release */ = {
			isa = XCBuildConfiguration;
			buildSettings = {
				ALWAYS_EMBED_SWIFT_STANDARD_LIBRARIES = YES;
				INFOPLIST_FILE = DayTreeUITests/Info.plist;
				LD_RUNPATH_SEARCH_PATHS = "$(inherited) @executable_path/Frameworks @loader_path/Frameworks";
				PRODUCT_BUNDLE_IDENTIFIER = Shibahara.DayTreeUITests;
				PRODUCT_NAME = "$(TARGET_NAME)";
				SWIFT_VERSION = 3.0;
				TEST_TARGET_NAME = DayTree;
			};
			name = Release;
		};
/* End XCBuildConfiguration section */

/* Begin XCConfigurationList section */
		92428A091E4DD26700E82D0B /* Build configuration list for PBXProject "DayTree" */ = {
			isa = XCConfigurationList;
			buildConfigurations = (
				92428A341E4DD26700E82D0B /* Debug */,
				92428A351E4DD26700E82D0B /* Release */,
			);
			defaultConfigurationIsVisible = 0;
			defaultConfigurationName = Release;
		};
		92428A361E4DD26700E82D0B /* Build configuration list for PBXNativeTarget "DayTree" */ = {
			isa = XCConfigurationList;
			buildConfigurations = (
				92428A371E4DD26700E82D0B /* Debug */,
				92428A381E4DD26700E82D0B /* Release */,
			);
			defaultConfigurationIsVisible = 0;
			defaultConfigurationName = Release;
		};
		92428A391E4DD26700E82D0B /* Build configuration list for PBXNativeTarget "DayTreeTests" */ = {
			isa = XCConfigurationList;
			buildConfigurations = (
				92428A3A1E4DD26700E82D0B /* Debug */,
				92428A3B1E4DD26700E82D0B /* Release */,
			);
			defaultConfigurationIsVisible = 0;
			defaultConfigurationName = Release;
		};
		92428A3C1E4DD26700E82D0B /* Build configuration list for PBXNativeTarget "DayTreeUITests" */ = {
			isa = XCConfigurationList;
			buildConfigurations = (
				92428A3D1E4DD26700E82D0B /* Debug */,
				92428A3E1E4DD26700E82D0B /* Release */,
			);
			defaultConfigurationIsVisible = 0;
			defaultConfigurationName = Release;
		};
/* End XCConfigurationList section */
	};
	rootObject = 92428A061E4DD26700E82D0B /* Project object */;
}
