// !$*UTF8*$!
{
	archiveVersion = 1;
	classes = {
	};
	objectVersion = 46;
	objects = {

/* Begin PBXBuildFile section */
		33CD4AD349C82F6DE594F0BB /* Pods_DayTree.framework in Frameworks */ = {isa = PBXBuildFile; fileRef = 8619713DED6921AA6406FB63 /* Pods_DayTree.framework */; };
		8EA0A365C2CDC600BA26019F /* Pods_DayTreeTests.framework in Frameworks */ = {isa = PBXBuildFile; fileRef = 3506DD321FEAF9BEF51F98A9 /* Pods_DayTreeTests.framework */; };
		921AAA671F87961A00E17D86 /* settingsButton.png in Resources */ = {isa = PBXBuildFile; fileRef = 921AAA661F87961900E17D86 /* settingsButton.png */; };
		9224D2331F59754D005147F5 /* Add.png in Resources */ = {isa = PBXBuildFile; fileRef = 9224D2031F59754D005147F5 /* Add.png */; };
		9224D2341F59754D005147F5 /* AuthorButton.png in Resources */ = {isa = PBXBuildFile; fileRef = 9224D2041F59754D005147F5 /* AuthorButton.png */; };
		9224D2351F59754D005147F5 /* Back2.png in Resources */ = {isa = PBXBuildFile; fileRef = 9224D2051F59754D005147F5 /* Back2.png */; };
		9224D2361F59754D005147F5 /* Blue0.png in Resources */ = {isa = PBXBuildFile; fileRef = 9224D2061F59754D005147F5 /* Blue0.png */; };
		9224D2371F59754D005147F5 /* Blue1.png in Resources */ = {isa = PBXBuildFile; fileRef = 9224D2071F59754D005147F5 /* Blue1.png */; };
		9224D2381F59754D005147F5 /* Blue2.png in Resources */ = {isa = PBXBuildFile; fileRef = 9224D2081F59754D005147F5 /* Blue2.png */; };
		9224D2391F59754D005147F5 /* Blue3.png in Resources */ = {isa = PBXBuildFile; fileRef = 9224D2091F59754D005147F5 /* Blue3.png */; };
		9224D23A1F59754D005147F5 /* Blue4.png in Resources */ = {isa = PBXBuildFile; fileRef = 9224D20A1F59754D005147F5 /* Blue4.png */; };
		9224D23B1F59754D005147F5 /* Blue5.png in Resources */ = {isa = PBXBuildFile; fileRef = 9224D20B1F59754D005147F5 /* Blue5.png */; };
		9224D23C1F59754D005147F5 /* Blue6.png in Resources */ = {isa = PBXBuildFile; fileRef = 9224D20C1F59754D005147F5 /* Blue6.png */; };
		9224D23D1F59754D005147F5 /* Blue7.png in Resources */ = {isa = PBXBuildFile; fileRef = 9224D20D1F59754D005147F5 /* Blue7.png */; };
		9224D23E1F59754D005147F5 /* Blue8.png in Resources */ = {isa = PBXBuildFile; fileRef = 9224D20E1F59754D005147F5 /* Blue8.png */; };
		9224D23F1F59754D005147F5 /* BrightButton.png in Resources */ = {isa = PBXBuildFile; fileRef = 9224D20F1F59754D005147F5 /* BrightButton.png */; };
		9224D2401F59754D005147F5 /* Camera2.png in Resources */ = {isa = PBXBuildFile; fileRef = 9224D2101F59754D005147F5 /* Camera2.png */; };
		9224D2411F59754D005147F5 /* DarkTree.png in Resources */ = {isa = PBXBuildFile; fileRef = 9224D2111F59754D005147F5 /* DarkTree.png */; };
		9224D2421F59754D005147F5 /* Daytree2.png in Resources */ = {isa = PBXBuildFile; fileRef = 9224D2121F59754D005147F5 /* Daytree2.png */; };
		9224D2431F59754D005147F5 /* DefaultEntry2.png in Resources */ = {isa = PBXBuildFile; fileRef = 9224D2131F59754D005147F5 /* DefaultEntry2.png */; };
		9224D2441F59754D005147F5 /* entryTabSelected.png in Resources */ = {isa = PBXBuildFile; fileRef = 9224D2141F59754D005147F5 /* entryTabSelected.png */; };
		9224D2451F59754D005147F5 /* entryTabUnselected.png in Resources */ = {isa = PBXBuildFile; fileRef = 9224D2151F59754D005147F5 /* entryTabUnselected.png */; };
		9224D2461F59754D005147F5 /* Green0.png in Resources */ = {isa = PBXBuildFile; fileRef = 9224D2161F59754D005147F5 /* Green0.png */; };
		9224D2471F59754D005147F5 /* Green1.png in Resources */ = {isa = PBXBuildFile; fileRef = 9224D2171F59754D005147F5 /* Green1.png */; };
		9224D2481F59754D005147F5 /* Green2.png in Resources */ = {isa = PBXBuildFile; fileRef = 9224D2181F59754D005147F5 /* Green2.png */; };
		9224D2491F59754D005147F5 /* Green3.png in Resources */ = {isa = PBXBuildFile; fileRef = 9224D2191F59754D005147F5 /* Green3.png */; };
		9224D24A1F59754D005147F5 /* Green4.png in Resources */ = {isa = PBXBuildFile; fileRef = 9224D21A1F59754D005147F5 /* Green4.png */; };
		9224D24B1F59754D005147F5 /* Green6.png in Resources */ = {isa = PBXBuildFile; fileRef = 9224D21B1F59754D005147F5 /* Green6.png */; };
		9224D24C1F59754D005147F5 /* Green7.png in Resources */ = {isa = PBXBuildFile; fileRef = 9224D21C1F59754D005147F5 /* Green7.png */; };
		9224D24D1F59754D005147F5 /* HelpButton.png in Resources */ = {isa = PBXBuildFile; fileRef = 9224D21D1F59754D005147F5 /* HelpButton.png */; };
		9224D24E1F59754D005147F5 /* Intro1.png in Resources */ = {isa = PBXBuildFile; fileRef = 9224D21E1F59754D005147F5 /* Intro1.png */; };
		9224D24F1F59754D005147F5 /* Intro2.png in Resources */ = {isa = PBXBuildFile; fileRef = 9224D21F1F59754D005147F5 /* Intro2.png */; };
		9224D2501F59754D005147F5 /* Intro3.png in Resources */ = {isa = PBXBuildFile; fileRef = 9224D2201F59754D005147F5 /* Intro3.png */; };
		9224D2511F59754D005147F5 /* Intro4.png in Resources */ = {isa = PBXBuildFile; fileRef = 9224D2211F59754D005147F5 /* Intro4.png */; };
		9224D2521F59754D005147F5 /* IntroButton.png in Resources */ = {isa = PBXBuildFile; fileRef = 9224D2221F59754D005147F5 /* IntroButton.png */; };
		9224D2531F59754D005147F5 /* LightTree.png in Resources */ = {isa = PBXBuildFile; fileRef = 9224D2231F59754D005147F5 /* LightTree.png */; };
		9224D2541F59754D005147F5 /* RainButton.png in Resources */ = {isa = PBXBuildFile; fileRef = 9224D2241F59754D005147F5 /* RainButton.png */; };
		9224D2551F59754D005147F5 /* rainDrops.png in Resources */ = {isa = PBXBuildFile; fileRef = 9224D2251F59754D005147F5 /* rainDrops.png */; };
		9224D2561F59754D005147F5 /* RainFog.png in Resources */ = {isa = PBXBuildFile; fileRef = 9224D2261F59754D005147F5 /* RainFog.png */; };
		9224D2571F59754D005147F5 /* RainSky.png in Resources */ = {isa = PBXBuildFile; fileRef = 9224D2271F59754D005147F5 /* RainSky.png */; };
		9224D2581F59754D005147F5 /* SettingsScreen.png in Resources */ = {isa = PBXBuildFile; fileRef = 9224D2281F59754D005147F5 /* SettingsScreen.png */; };
		9224D2591F59754D005147F5 /* settingsTabSelected.png in Resources */ = {isa = PBXBuildFile; fileRef = 9224D2291F59754D005147F5 /* settingsTabSelected.png */; };
		9224D25A1F59754D005147F5 /* settingsTabUnselected.png in Resources */ = {isa = PBXBuildFile; fileRef = 9224D22A1F59754D005147F5 /* settingsTabUnselected.png */; };
		9224D25B1F59754D005147F5 /* ShareButton.png in Resources */ = {isa = PBXBuildFile; fileRef = 9224D22B1F59754D005147F5 /* ShareButton.png */; };
		9224D25C1F59754D005147F5 /* Sky.png in Resources */ = {isa = PBXBuildFile; fileRef = 9224D22C1F59754D005147F5 /* Sky.png */; };
		9224D25F1F59754D005147F5 /* ThanksButton.png in Resources */ = {isa = PBXBuildFile; fileRef = 9224D22F1F59754D005147F5 /* ThanksButton.png */; };
		9224D2601F59754D005147F5 /* treeTabSelected.png in Resources */ = {isa = PBXBuildFile; fileRef = 9224D2301F59754D005147F5 /* treeTabSelected.png */; };
		9224D2611F59754D005147F5 /* treeTabUnselected.png in Resources */ = {isa = PBXBuildFile; fileRef = 9224D2311F59754D005147F5 /* treeTabUnselected.png */; };
		9224D2621F59754D005147F5 /* White.png in Resources */ = {isa = PBXBuildFile; fileRef = 9224D2321F59754D005147F5 /* White.png */; };
		923084BD1F715699008505C0 /* Green8.png in Resources */ = {isa = PBXBuildFile; fileRef = 923084BC1F715699008505C0 /* Green8.png */; };
		923934931F6E4A350046BA14 /* frozen-planet.png in Resources */ = {isa = PBXBuildFile; fileRef = 923934921F6E4A350046BA14 /* frozen-planet.png */; };
		923934951F6E4D150046BA14 /* better-planet.png in Resources */ = {isa = PBXBuildFile; fileRef = 923934941F6E4D150046BA14 /* better-planet.png */; };
		923934971F6E71F60046BA14 /* PlanetViewController.swift in Sources */ = {isa = PBXBuildFile; fileRef = 923934961F6E71F60046BA14 /* PlanetViewController.swift */; };
		923C4E051F7514050065330D /* ANGLE.png in Resources */ = {isa = PBXBuildFile; fileRef = 923C4E041F7514050065330D /* ANGLE.png */; };
		923D8A421E80F08B00981375 /* CellViewController.swift in Sources */ = {isa = PBXBuildFile; fileRef = 923D8A411E80F08B00981375 /* CellViewController.swift */; };
		923D8A451E810C1200981375 /* Main.storyboard in Resources */ = {isa = PBXBuildFile; fileRef = 923D8A431E810C1200981375 /* Main.storyboard */; };
		92428A121E4DD26700E82D0B /* AppDelegate.swift in Sources */ = {isa = PBXBuildFile; fileRef = 92428A111E4DD26700E82D0B /* AppDelegate.swift */; };
		92428A141E4DD26700E82D0B /* ViewController.swift in Sources */ = {isa = PBXBuildFile; fileRef = 92428A131E4DD26700E82D0B /* ViewController.swift */; };
		92428A191E4DD26700E82D0B /* Assets.xcassets in Resources */ = {isa = PBXBuildFile; fileRef = 92428A181E4DD26700E82D0B /* Assets.xcassets */; };
		92428A1C1E4DD26700E82D0B /* LaunchScreen.storyboard in Resources */ = {isa = PBXBuildFile; fileRef = 92428A1A1E4DD26700E82D0B /* LaunchScreen.storyboard */; };
		92428A271E4DD26700E82D0B /* DayTreeTests.swift in Sources */ = {isa = PBXBuildFile; fileRef = 92428A261E4DD26700E82D0B /* DayTreeTests.swift */; };
		92428A321E4DD26700E82D0B /* DayTreeUITests.swift in Sources */ = {isa = PBXBuildFile; fileRef = 92428A311E4DD26700E82D0B /* DayTreeUITests.swift */; };
		92428A471E4DDD3800E82D0B /* img0.jpg in Resources */ = {isa = PBXBuildFile; fileRef = 92428A3F1E4DDD3800E82D0B /* img0.jpg */; };
		92428A481E4DDD3800E82D0B /* img1.jpg in Resources */ = {isa = PBXBuildFile; fileRef = 92428A401E4DDD3800E82D0B /* img1.jpg */; };
		92428A491E4DDD3800E82D0B /* img2.jpg in Resources */ = {isa = PBXBuildFile; fileRef = 92428A411E4DDD3800E82D0B /* img2.jpg */; };
		92428A4A1E4DDD3800E82D0B /* img3.jpg in Resources */ = {isa = PBXBuildFile; fileRef = 92428A421E4DDD3800E82D0B /* img3.jpg */; };
		92428A4B1E4DDD3800E82D0B /* img4.jpg in Resources */ = {isa = PBXBuildFile; fileRef = 92428A431E4DDD3800E82D0B /* img4.jpg */; };
		92428A4C1E4DDD3800E82D0B /* img5.jpg in Resources */ = {isa = PBXBuildFile; fileRef = 92428A441E4DDD3800E82D0B /* img5.jpg */; };
		92428A4D1E4DDD3800E82D0B /* img6.jpg in Resources */ = {isa = PBXBuildFile; fileRef = 92428A451E4DDD3800E82D0B /* img6.jpg */; };
		92428A4E1E4DDD3800E82D0B /* img7.jpg in Resources */ = {isa = PBXBuildFile; fileRef = 92428A461E4DDD3800E82D0B /* img7.jpg */; };
		925420621F6FBDE700CDCEA5 /* NormWeatherSky.png in Resources */ = {isa = PBXBuildFile; fileRef = 925420611F6FBDE700CDCEA5 /* NormWeatherSky.png */; };
		925420641F6FC32D00CDCEA5 /* SunWeatherSky.png in Resources */ = {isa = PBXBuildFile; fileRef = 925420631F6FC32D00CDCEA5 /* SunWeatherSky.png */; };
		925420681F6FD0BE00CDCEA5 /* ThunderClouds.png in Resources */ = {isa = PBXBuildFile; fileRef = 925420651F6FD0BE00CDCEA5 /* ThunderClouds.png */; };
		925420691F6FD0BE00CDCEA5 /* ThunderLeft.png in Resources */ = {isa = PBXBuildFile; fileRef = 925420661F6FD0BE00CDCEA5 /* ThunderLeft.png */; };
		9254206A1F6FD0BE00CDCEA5 /* ThunderRight.png in Resources */ = {isa = PBXBuildFile; fileRef = 925420671F6FD0BE00CDCEA5 /* ThunderRight.png */; };
		9256553A1F358FE2005B5852 /* TreeViewController.swift in Sources */ = {isa = PBXBuildFile; fileRef = 925655391F358FE2005B5852 /* TreeViewController.swift */; };
		925D1DDB1F4FC775002E1CF7 /* IntroViewController.swift in Sources */ = {isa = PBXBuildFile; fileRef = 925D1DDA1F4FC775002E1CF7 /* IntroViewController.swift */; };
		925D1DE51F4FF3C8002E1CF7 /* ParentTabBarController.swift in Sources */ = {isa = PBXBuildFile; fileRef = 925D1DE41F4FF3C8002E1CF7 /* ParentTabBarController.swift */; };
		925D1DFD1F5006F3002E1CF7 /* SettingsViewController.swift in Sources */ = {isa = PBXBuildFile; fileRef = 925D1DFC1F5006F3002E1CF7 /* SettingsViewController.swift */; };
		92698B111F84F252000487BB /* FSCalendarViewController.swift in Sources */ = {isa = PBXBuildFile; fileRef = 92698B101F84F252000487BB /* FSCalendarViewController.swift */; };
		9282B5CB1F87856E0046F0A6 /* CalendarCellViewController.swift in Sources */ = {isa = PBXBuildFile; fileRef = 9282B5CA1F87856E0046F0A6 /* CalendarCellViewController.swift */; };
		92BB79F81F492741000A55F1 /* Extensions.swift in Sources */ = {isa = PBXBuildFile; fileRef = 92BB79F71F492741000A55F1 /* Extensions.swift */; };
		92BD3C8A1F4AB4E600980251 /* rain.sks in Resources */ = {isa = PBXBuildFile; fileRef = 92BD3C891F4AB4E600980251 /* rain.sks */; };
		92E122581F4D128100304727 /* rain2.sks in Resources */ = {isa = PBXBuildFile; fileRef = 92E122571F4D128100304727 /* rain2.sks */; };
		92EC3AEF1F702F4300C1DA1D /* normButton.png in Resources */ = {isa = PBXBuildFile; fileRef = 92EC3AED1F702F4300C1DA1D /* normButton.png */; };
		92EC3AF01F702F4300C1DA1D /* thunderButton.png in Resources */ = {isa = PBXBuildFile; fileRef = 92EC3AEE1F702F4300C1DA1D /* thunderButton.png */; };
		9BAE8EBCBC997E0AFB24C8BF /* Pods_DayTreeUITests.framework in Frameworks */ = {isa = PBXBuildFile; fileRef = A10E5290EC5F071C86D39C75 /* Pods_DayTreeUITests.framework */; };
/* End PBXBuildFile section */

/* Begin PBXContainerItemProxy section */
		92428A231E4DD26700E82D0B /* PBXContainerItemProxy */ = {
			isa = PBXContainerItemProxy;
			containerPortal = 92428A061E4DD26700E82D0B /* Project object */;
			proxyType = 1;
			remoteGlobalIDString = 92428A0D1E4DD26700E82D0B;
			remoteInfo = DayTree;
		};
		92428A2E1E4DD26700E82D0B /* PBXContainerItemProxy */ = {
			isa = PBXContainerItemProxy;
			containerPortal = 92428A061E4DD26700E82D0B /* Project object */;
			proxyType = 1;
			remoteGlobalIDString = 92428A0D1E4DD26700E82D0B;
			remoteInfo = DayTree;
		};
/* End PBXContainerItemProxy section */

/* Begin PBXFileReference section */
		3506DD321FEAF9BEF51F98A9 /* Pods_DayTreeTests.framework */ = {isa = PBXFileReference; explicitFileType = wrapper.framework; includeInIndex = 0; path = Pods_DayTreeTests.framework; sourceTree = BUILT_PRODUCTS_DIR; };
		4F5449FC280A79518A1552F6 /* Pods-DayTreeTests.release.xcconfig */ = {isa = PBXFileReference; includeInIndex = 1; lastKnownFileType = text.xcconfig; name = "Pods-DayTreeTests.release.xcconfig"; path = "Pods/Target Support Files/Pods-DayTreeTests/Pods-DayTreeTests.release.xcconfig"; sourceTree = "<group>"; };
		8619713DED6921AA6406FB63 /* Pods_DayTree.framework */ = {isa = PBXFileReference; explicitFileType = wrapper.framework; includeInIndex = 0; path = Pods_DayTree.framework; sourceTree = BUILT_PRODUCTS_DIR; };
		9052B390CA62DDE1A2DA21CD /* Pods-DayTree.release.xcconfig */ = {isa = PBXFileReference; includeInIndex = 1; lastKnownFileType = text.xcconfig; name = "Pods-DayTree.release.xcconfig"; path = "Pods/Target Support Files/Pods-DayTree/Pods-DayTree.release.xcconfig"; sourceTree = "<group>"; };
		921AAA661F87961900E17D86 /* settingsButton.png */ = {isa = PBXFileReference; lastKnownFileType = image.png; name = settingsButton.png; path = Image/settingsButton.png; sourceTree = SOURCE_ROOT; };
		9224D2031F59754D005147F5 /* Add.png */ = {isa = PBXFileReference; lastKnownFileType = image.png; path = Add.png; sourceTree = "<group>"; };
		9224D2041F59754D005147F5 /* AuthorButton.png */ = {isa = PBXFileReference; lastKnownFileType = image.png; path = AuthorButton.png; sourceTree = "<group>"; };
		9224D2051F59754D005147F5 /* Back2.png */ = {isa = PBXFileReference; lastKnownFileType = image.png; path = Back2.png; sourceTree = "<group>"; };
		9224D2061F59754D005147F5 /* Blue0.png */ = {isa = PBXFileReference; lastKnownFileType = image.png; path = Blue0.png; sourceTree = "<group>"; };
		9224D2071F59754D005147F5 /* Blue1.png */ = {isa = PBXFileReference; lastKnownFileType = image.png; path = Blue1.png; sourceTree = "<group>"; };
		9224D2081F59754D005147F5 /* Blue2.png */ = {isa = PBXFileReference; lastKnownFileType = image.png; path = Blue2.png; sourceTree = "<group>"; };
		9224D2091F59754D005147F5 /* Blue3.png */ = {isa = PBXFileReference; lastKnownFileType = image.png; path = Blue3.png; sourceTree = "<group>"; };
		9224D20A1F59754D005147F5 /* Blue4.png */ = {isa = PBXFileReference; lastKnownFileType = image.png; path = Blue4.png; sourceTree = "<group>"; };
		9224D20B1F59754D005147F5 /* Blue5.png */ = {isa = PBXFileReference; lastKnownFileType = image.png; path = Blue5.png; sourceTree = "<group>"; };
		9224D20C1F59754D005147F5 /* Blue6.png */ = {isa = PBXFileReference; lastKnownFileType = image.png; path = Blue6.png; sourceTree = "<group>"; };
		9224D20D1F59754D005147F5 /* Blue7.png */ = {isa = PBXFileReference; lastKnownFileType = image.png; path = Blue7.png; sourceTree = "<group>"; };
		9224D20E1F59754D005147F5 /* Blue8.png */ = {isa = PBXFileReference; lastKnownFileType = image.png; path = Blue8.png; sourceTree = "<group>"; };
		9224D20F1F59754D005147F5 /* BrightButton.png */ = {isa = PBXFileReference; lastKnownFileType = image.png; path = BrightButton.png; sourceTree = "<group>"; };
		9224D2101F59754D005147F5 /* Camera2.png */ = {isa = PBXFileReference; lastKnownFileType = image.png; path = Camera2.png; sourceTree = "<group>"; };
		9224D2111F59754D005147F5 /* DarkTree.png */ = {isa = PBXFileReference; lastKnownFileType = image.png; path = DarkTree.png; sourceTree = "<group>"; };
		9224D2121F59754D005147F5 /* Daytree2.png */ = {isa = PBXFileReference; lastKnownFileType = image.png; path = Daytree2.png; sourceTree = "<group>"; };
		9224D2131F59754D005147F5 /* DefaultEntry2.png */ = {isa = PBXFileReference; lastKnownFileType = image.png; path = DefaultEntry2.png; sourceTree = "<group>"; };
		9224D2141F59754D005147F5 /* entryTabSelected.png */ = {isa = PBXFileReference; lastKnownFileType = image.png; path = entryTabSelected.png; sourceTree = "<group>"; };
		9224D2151F59754D005147F5 /* entryTabUnselected.png */ = {isa = PBXFileReference; lastKnownFileType = image.png; path = entryTabUnselected.png; sourceTree = "<group>"; };
		9224D2161F59754D005147F5 /* Green0.png */ = {isa = PBXFileReference; lastKnownFileType = image.png; path = Green0.png; sourceTree = "<group>"; };
		9224D2171F59754D005147F5 /* Green1.png */ = {isa = PBXFileReference; lastKnownFileType = image.png; path = Green1.png; sourceTree = "<group>"; };
		9224D2181F59754D005147F5 /* Green2.png */ = {isa = PBXFileReference; lastKnownFileType = image.png; path = Green2.png; sourceTree = "<group>"; };
		9224D2191F59754D005147F5 /* Green3.png */ = {isa = PBXFileReference; lastKnownFileType = image.png; path = Green3.png; sourceTree = "<group>"; };
		9224D21A1F59754D005147F5 /* Green4.png */ = {isa = PBXFileReference; lastKnownFileType = image.png; path = Green4.png; sourceTree = "<group>"; };
		9224D21B1F59754D005147F5 /* Green6.png */ = {isa = PBXFileReference; lastKnownFileType = image.png; path = Green6.png; sourceTree = "<group>"; };
		9224D21C1F59754D005147F5 /* Green7.png */ = {isa = PBXFileReference; lastKnownFileType = image.png; path = Green7.png; sourceTree = "<group>"; };
		9224D21D1F59754D005147F5 /* HelpButton.png */ = {isa = PBXFileReference; lastKnownFileType = image.png; path = HelpButton.png; sourceTree = "<group>"; };
		9224D21E1F59754D005147F5 /* Intro1.png */ = {isa = PBXFileReference; lastKnownFileType = image.png; path = Intro1.png; sourceTree = "<group>"; };
		9224D21F1F59754D005147F5 /* Intro2.png */ = {isa = PBXFileReference; lastKnownFileType = image.png; path = Intro2.png; sourceTree = "<group>"; };
		9224D2201F59754D005147F5 /* Intro3.png */ = {isa = PBXFileReference; lastKnownFileType = image.png; path = Intro3.png; sourceTree = "<group>"; };
		9224D2211F59754D005147F5 /* Intro4.png */ = {isa = PBXFileReference; lastKnownFileType = image.png; path = Intro4.png; sourceTree = "<group>"; };
		9224D2221F59754D005147F5 /* IntroButton.png */ = {isa = PBXFileReference; lastKnownFileType = image.png; path = IntroButton.png; sourceTree = "<group>"; };
		9224D2231F59754D005147F5 /* LightTree.png */ = {isa = PBXFileReference; lastKnownFileType = image.png; path = LightTree.png; sourceTree = "<group>"; };
		9224D2241F59754D005147F5 /* RainButton.png */ = {isa = PBXFileReference; lastKnownFileType = image.png; path = RainButton.png; sourceTree = "<group>"; };
		9224D2251F59754D005147F5 /* rainDrops.png */ = {isa = PBXFileReference; lastKnownFileType = image.png; path = rainDrops.png; sourceTree = "<group>"; };
		9224D2261F59754D005147F5 /* RainFog.png */ = {isa = PBXFileReference; lastKnownFileType = image.png; path = RainFog.png; sourceTree = "<group>"; };
		9224D2271F59754D005147F5 /* RainSky.png */ = {isa = PBXFileReference; lastKnownFileType = image.png; path = RainSky.png; sourceTree = "<group>"; };
		9224D2281F59754D005147F5 /* SettingsScreen.png */ = {isa = PBXFileReference; lastKnownFileType = image.png; path = SettingsScreen.png; sourceTree = "<group>"; };
		9224D2291F59754D005147F5 /* settingsTabSelected.png */ = {isa = PBXFileReference; lastKnownFileType = image.png; path = settingsTabSelected.png; sourceTree = "<group>"; };
		9224D22A1F59754D005147F5 /* settingsTabUnselected.png */ = {isa = PBXFileReference; lastKnownFileType = image.png; path = settingsTabUnselected.png; sourceTree = "<group>"; };
		9224D22B1F59754D005147F5 /* ShareButton.png */ = {isa = PBXFileReference; lastKnownFileType = image.png; path = ShareButton.png; sourceTree = "<group>"; };
		9224D22C1F59754D005147F5 /* Sky.png */ = {isa = PBXFileReference; lastKnownFileType = image.png; path = Sky.png; sourceTree = "<group>"; };
		9224D22F1F59754D005147F5 /* ThanksButton.png */ = {isa = PBXFileReference; lastKnownFileType = image.png; path = ThanksButton.png; sourceTree = "<group>"; };
		9224D2301F59754D005147F5 /* treeTabSelected.png */ = {isa = PBXFileReference; lastKnownFileType = image.png; path = treeTabSelected.png; sourceTree = "<group>"; };
		9224D2311F59754D005147F5 /* treeTabUnselected.png */ = {isa = PBXFileReference; lastKnownFileType = image.png; path = treeTabUnselected.png; sourceTree = "<group>"; };
		9224D2321F59754D005147F5 /* White.png */ = {isa = PBXFileReference; lastKnownFileType = image.png; path = White.png; sourceTree = "<group>"; };
		923084BC1F715699008505C0 /* Green8.png */ = {isa = PBXFileReference; lastKnownFileType = image.png; path = Green8.png; sourceTree = "<group>"; };
		923934921F6E4A350046BA14 /* frozen-planet.png */ = {isa = PBXFileReference; lastKnownFileType = image.png; name = "frozen-planet.png"; path = "Image/frozen-planet.png"; sourceTree = SOURCE_ROOT; };
		923934941F6E4D150046BA14 /* better-planet.png */ = {isa = PBXFileReference; lastKnownFileType = image.png; name = "better-planet.png"; path = "Image/better-planet.png"; sourceTree = SOURCE_ROOT; };
		923934961F6E71F60046BA14 /* PlanetViewController.swift */ = {isa = PBXFileReference; fileEncoding = 4; lastKnownFileType = sourcecode.swift; path = PlanetViewController.swift; sourceTree = "<group>"; };
		923C4E041F7514050065330D /* ANGLE.png */ = {isa = PBXFileReference; lastKnownFileType = image.png; path = ANGLE.png; sourceTree = "<group>"; };
		923D8A411E80F08B00981375 /* CellViewController.swift */ = {isa = PBXFileReference; fileEncoding = 4; lastKnownFileType = sourcecode.swift; path = CellViewController.swift; sourceTree = "<group>"; };
		923D8A441E810C1200981375 /* Base */ = {isa = PBXFileReference; lastKnownFileType = file.storyboard; name = Base; path = Base.lproj/Main.storyboard; sourceTree = "<group>"; };
		92428A0E1E4DD26700E82D0B /* DayTree.app */ = {isa = PBXFileReference; explicitFileType = wrapper.application; includeInIndex = 0; path = DayTree.app; sourceTree = BUILT_PRODUCTS_DIR; };
		92428A111E4DD26700E82D0B /* AppDelegate.swift */ = {isa = PBXFileReference; lastKnownFileType = sourcecode.swift; path = AppDelegate.swift; sourceTree = "<group>"; };
		92428A131E4DD26700E82D0B /* ViewController.swift */ = {isa = PBXFileReference; lastKnownFileType = sourcecode.swift; path = ViewController.swift; sourceTree = "<group>"; };
		92428A181E4DD26700E82D0B /* Assets.xcassets */ = {isa = PBXFileReference; lastKnownFileType = folder.assetcatalog; path = Assets.xcassets; sourceTree = "<group>"; };
		92428A1B1E4DD26700E82D0B /* Base */ = {isa = PBXFileReference; lastKnownFileType = file.storyboard; name = Base; path = Base.lproj/LaunchScreen.storyboard; sourceTree = "<group>"; };
		92428A1D1E4DD26700E82D0B /* Info.plist */ = {isa = PBXFileReference; lastKnownFileType = text.plist.xml; path = Info.plist; sourceTree = "<group>"; };
		92428A221E4DD26700E82D0B /* DayTreeTests.xctest */ = {isa = PBXFileReference; explicitFileType = wrapper.cfbundle; includeInIndex = 0; path = DayTreeTests.xctest; sourceTree = BUILT_PRODUCTS_DIR; };
		92428A261E4DD26700E82D0B /* DayTreeTests.swift */ = {isa = PBXFileReference; lastKnownFileType = sourcecode.swift; path = DayTreeTests.swift; sourceTree = "<group>"; };
		92428A281E4DD26700E82D0B /* Info.plist */ = {isa = PBXFileReference; lastKnownFileType = text.plist.xml; path = Info.plist; sourceTree = "<group>"; };
		92428A2D1E4DD26700E82D0B /* DayTreeUITests.xctest */ = {isa = PBXFileReference; explicitFileType = wrapper.cfbundle; includeInIndex = 0; path = DayTreeUITests.xctest; sourceTree = BUILT_PRODUCTS_DIR; };
		92428A311E4DD26700E82D0B /* DayTreeUITests.swift */ = {isa = PBXFileReference; lastKnownFileType = sourcecode.swift; path = DayTreeUITests.swift; sourceTree = "<group>"; };
		92428A331E4DD26700E82D0B /* Info.plist */ = {isa = PBXFileReference; lastKnownFileType = text.plist.xml; path = Info.plist; sourceTree = "<group>"; };
		92428A3F1E4DDD3800E82D0B /* img0.jpg */ = {isa = PBXFileReference; lastKnownFileType = image.jpeg; path = img0.jpg; sourceTree = "<group>"; };
		92428A401E4DDD3800E82D0B /* img1.jpg */ = {isa = PBXFileReference; lastKnownFileType = image.jpeg; path = img1.jpg; sourceTree = "<group>"; };
		92428A411E4DDD3800E82D0B /* img2.jpg */ = {isa = PBXFileReference; lastKnownFileType = image.jpeg; path = img2.jpg; sourceTree = "<group>"; };
		92428A421E4DDD3800E82D0B /* img3.jpg */ = {isa = PBXFileReference; lastKnownFileType = image.jpeg; path = img3.jpg; sourceTree = "<group>"; };
		92428A431E4DDD3800E82D0B /* img4.jpg */ = {isa = PBXFileReference; lastKnownFileType = image.jpeg; path = img4.jpg; sourceTree = "<group>"; };
		92428A441E4DDD3800E82D0B /* img5.jpg */ = {isa = PBXFileReference; lastKnownFileType = image.jpeg; path = img5.jpg; sourceTree = "<group>"; };
		92428A451E4DDD3800E82D0B /* img6.jpg */ = {isa = PBXFileReference; lastKnownFileType = image.jpeg; path = img6.jpg; sourceTree = "<group>"; };
		92428A461E4DDD3800E82D0B /* img7.jpg */ = {isa = PBXFileReference; lastKnownFileType = image.jpeg; path = img7.jpg; sourceTree = "<group>"; };
		925420611F6FBDE700CDCEA5 /* NormWeatherSky.png */ = {isa = PBXFileReference; lastKnownFileType = image.png; name = NormWeatherSky.png; path = Image/NormWeatherSky.png; sourceTree = SOURCE_ROOT; };
		925420631F6FC32D00CDCEA5 /* SunWeatherSky.png */ = {isa = PBXFileReference; lastKnownFileType = image.png; name = SunWeatherSky.png; path = Image/SunWeatherSky.png; sourceTree = SOURCE_ROOT; };
		925420651F6FD0BE00CDCEA5 /* ThunderClouds.png */ = {isa = PBXFileReference; lastKnownFileType = image.png; name = ThunderClouds.png; path = Image/ThunderClouds.png; sourceTree = SOURCE_ROOT; };
		925420661F6FD0BE00CDCEA5 /* ThunderLeft.png */ = {isa = PBXFileReference; lastKnownFileType = image.png; name = ThunderLeft.png; path = Image/ThunderLeft.png; sourceTree = SOURCE_ROOT; };
		925420671F6FD0BE00CDCEA5 /* ThunderRight.png */ = {isa = PBXFileReference; lastKnownFileType = image.png; name = ThunderRight.png; path = Image/ThunderRight.png; sourceTree = SOURCE_ROOT; };
		925655391F358FE2005B5852 /* TreeViewController.swift */ = {isa = PBXFileReference; fileEncoding = 4; lastKnownFileType = sourcecode.swift; path = TreeViewController.swift; sourceTree = "<group>"; };
		925D1DDA1F4FC775002E1CF7 /* IntroViewController.swift */ = {isa = PBXFileReference; fileEncoding = 4; lastKnownFileType = sourcecode.swift; path = IntroViewController.swift; sourceTree = "<group>"; };
		925D1DE41F4FF3C8002E1CF7 /* ParentTabBarController.swift */ = {isa = PBXFileReference; fileEncoding = 4; lastKnownFileType = sourcecode.swift; path = ParentTabBarController.swift; sourceTree = "<group>"; };
		925D1DFC1F5006F3002E1CF7 /* SettingsViewController.swift */ = {isa = PBXFileReference; fileEncoding = 4; lastKnownFileType = sourcecode.swift; path = SettingsViewController.swift; sourceTree = "<group>"; };
		92698B101F84F252000487BB /* FSCalendarViewController.swift */ = {isa = PBXFileReference; lastKnownFileType = sourcecode.swift; path = FSCalendarViewController.swift; sourceTree = "<group>"; };
		9282B5CA1F87856E0046F0A6 /* CalendarCellViewController.swift */ = {isa = PBXFileReference; lastKnownFileType = sourcecode.swift; path = CalendarCellViewController.swift; sourceTree = "<group>"; };
		92BB79F71F492741000A55F1 /* Extensions.swift */ = {isa = PBXFileReference; fileEncoding = 4; lastKnownFileType = sourcecode.swift; path = Extensions.swift; sourceTree = "<group>"; };
		92BD3C891F4AB4E600980251 /* rain.sks */ = {isa = PBXFileReference; lastKnownFileType = file.sks; path = rain.sks; sourceTree = "<group>"; };
		92E122571F4D128100304727 /* rain2.sks */ = {isa = PBXFileReference; lastKnownFileType = file.sks; path = rain2.sks; sourceTree = "<group>"; };
		92EC3AED1F702F4300C1DA1D /* normButton.png */ = {isa = PBXFileReference; lastKnownFileType = image.png; name = normButton.png; path = Image/normButton.png; sourceTree = SOURCE_ROOT; };
		92EC3AEE1F702F4300C1DA1D /* thunderButton.png */ = {isa = PBXFileReference; lastKnownFileType = image.png; name = thunderButton.png; path = Image/thunderButton.png; sourceTree = SOURCE_ROOT; };
		A10E5290EC5F071C86D39C75 /* Pods_DayTreeUITests.framework */ = {isa = PBXFileReference; explicitFileType = wrapper.framework; includeInIndex = 0; path = Pods_DayTreeUITests.framework; sourceTree = BUILT_PRODUCTS_DIR; };
		AA4BA796C7C7CDE38A09EDD5 /* Pods-DayTreeTests.debug.xcconfig */ = {isa = PBXFileReference; includeInIndex = 1; lastKnownFileType = text.xcconfig; name = "Pods-DayTreeTests.debug.xcconfig"; path = "Pods/Target Support Files/Pods-DayTreeTests/Pods-DayTreeTests.debug.xcconfig"; sourceTree = "<group>"; };
		AFDFA0D6AF4BCCE03FC696C5 /* Pods-DayTreeUITests.release.xcconfig */ = {isa = PBXFileReference; includeInIndex = 1; lastKnownFileType = text.xcconfig; name = "Pods-DayTreeUITests.release.xcconfig"; path = "Pods/Target Support Files/Pods-DayTreeUITests/Pods-DayTreeUITests.release.xcconfig"; sourceTree = "<group>"; };
		C6E1266F328463E96C4610A3 /* Pods-DayTreeUITests.debug.xcconfig */ = {isa = PBXFileReference; includeInIndex = 1; lastKnownFileType = text.xcconfig; name = "Pods-DayTreeUITests.debug.xcconfig"; path = "Pods/Target Support Files/Pods-DayTreeUITests/Pods-DayTreeUITests.debug.xcconfig"; sourceTree = "<group>"; };
		F0DB0D53900DA96709E9883F /* Pods-DayTree.debug.xcconfig */ = {isa = PBXFileReference; includeInIndex = 1; lastKnownFileType = text.xcconfig; name = "Pods-DayTree.debug.xcconfig"; path = "Pods/Target Support Files/Pods-DayTree/Pods-DayTree.debug.xcconfig"; sourceTree = "<group>"; };
/* End PBXFileReference section */

/* Begin PBXFrameworksBuildPhase section */
		92428A0B1E4DD26700E82D0B /* Frameworks */ = {
			isa = PBXFrameworksBuildPhase;
			buildActionMask = 2147483647;
			files = (
				33CD4AD349C82F6DE594F0BB /* Pods_DayTree.framework in Frameworks */,
			);
			runOnlyForDeploymentPostprocessing = 0;
		};
		92428A1F1E4DD26700E82D0B /* Frameworks */ = {
			isa = PBXFrameworksBuildPhase;
			buildActionMask = 2147483647;
			files = (
				8EA0A365C2CDC600BA26019F /* Pods_DayTreeTests.framework in Frameworks */,
			);
			runOnlyForDeploymentPostprocessing = 0;
		};
		92428A2A1E4DD26700E82D0B /* Frameworks */ = {
			isa = PBXFrameworksBuildPhase;
			buildActionMask = 2147483647;
			files = (
				9BAE8EBCBC997E0AFB24C8BF /* Pods_DayTreeUITests.framework in Frameworks */,
			);
			runOnlyForDeploymentPostprocessing = 0;
		};
/* End PBXFrameworksBuildPhase section */

/* Begin PBXGroup section */
		08129D63DBC9A744964D1D1C /* Pods */ = {
			isa = PBXGroup;
			children = (
				F0DB0D53900DA96709E9883F /* Pods-DayTree.debug.xcconfig */,
				9052B390CA62DDE1A2DA21CD /* Pods-DayTree.release.xcconfig */,
				AA4BA796C7C7CDE38A09EDD5 /* Pods-DayTreeTests.debug.xcconfig */,
				4F5449FC280A79518A1552F6 /* Pods-DayTreeTests.release.xcconfig */,
				C6E1266F328463E96C4610A3 /* Pods-DayTreeUITests.debug.xcconfig */,
				AFDFA0D6AF4BCCE03FC696C5 /* Pods-DayTreeUITests.release.xcconfig */,
			);
			name = Pods;
			sourceTree = "<group>";
		};
		182113D22EA1C78D869CE629 /* Frameworks */ = {
			isa = PBXGroup;
			children = (
				8619713DED6921AA6406FB63 /* Pods_DayTree.framework */,
				3506DD321FEAF9BEF51F98A9 /* Pods_DayTreeTests.framework */,
				A10E5290EC5F071C86D39C75 /* Pods_DayTreeUITests.framework */,
			);
			name = Frameworks;
			sourceTree = "<group>";
		};
		9224D2021F59754D005147F5 /* Image */ = {
			isa = PBXGroup;
			children = (
				921AAA661F87961900E17D86 /* settingsButton.png */,
				92EC3AED1F702F4300C1DA1D /* normButton.png */,
				92EC3AEE1F702F4300C1DA1D /* thunderButton.png */,
				925420651F6FD0BE00CDCEA5 /* ThunderClouds.png */,
				925420661F6FD0BE00CDCEA5 /* ThunderLeft.png */,
				925420671F6FD0BE00CDCEA5 /* ThunderRight.png */,
				925420631F6FC32D00CDCEA5 /* SunWeatherSky.png */,
				925420611F6FBDE700CDCEA5 /* NormWeatherSky.png */,
				9224D2031F59754D005147F5 /* Add.png */,
				923934921F6E4A350046BA14 /* frozen-planet.png */,
				923934941F6E4D150046BA14 /* better-planet.png */,
				9224D2041F59754D005147F5 /* AuthorButton.png */,
				9224D2051F59754D005147F5 /* Back2.png */,
				9224D2061F59754D005147F5 /* Blue0.png */,
				9224D2071F59754D005147F5 /* Blue1.png */,
				9224D2081F59754D005147F5 /* Blue2.png */,
				9224D2091F59754D005147F5 /* Blue3.png */,
				9224D20A1F59754D005147F5 /* Blue4.png */,
				9224D20B1F59754D005147F5 /* Blue5.png */,
				9224D20C1F59754D005147F5 /* Blue6.png */,
				9224D20D1F59754D005147F5 /* Blue7.png */,
				9224D20E1F59754D005147F5 /* Blue8.png */,
				9224D20F1F59754D005147F5 /* BrightButton.png */,
				9224D2101F59754D005147F5 /* Camera2.png */,
				9224D2111F59754D005147F5 /* DarkTree.png */,
				9224D2121F59754D005147F5 /* Daytree2.png */,
				9224D2131F59754D005147F5 /* DefaultEntry2.png */,
				9224D2141F59754D005147F5 /* entryTabSelected.png */,
				9224D2151F59754D005147F5 /* entryTabUnselected.png */,
				9224D2161F59754D005147F5 /* Green0.png */,
				9224D2171F59754D005147F5 /* Green1.png */,
				9224D2181F59754D005147F5 /* Green2.png */,
				9224D2191F59754D005147F5 /* Green3.png */,
				9224D21A1F59754D005147F5 /* Green4.png */,
				9224D21B1F59754D005147F5 /* Green6.png */,
				9224D21C1F59754D005147F5 /* Green7.png */,
				923084BC1F715699008505C0 /* Green8.png */,
				9224D21D1F59754D005147F5 /* HelpButton.png */,
				9224D21E1F59754D005147F5 /* Intro1.png */,
				9224D21F1F59754D005147F5 /* Intro2.png */,
				9224D2201F59754D005147F5 /* Intro3.png */,
				9224D2211F59754D005147F5 /* Intro4.png */,
				9224D2221F59754D005147F5 /* IntroButton.png */,
				9224D2231F59754D005147F5 /* LightTree.png */,
				9224D2241F59754D005147F5 /* RainButton.png */,
				9224D2251F59754D005147F5 /* rainDrops.png */,
				9224D2261F59754D005147F5 /* RainFog.png */,
				9224D2271F59754D005147F5 /* RainSky.png */,
				9224D2281F59754D005147F5 /* SettingsScreen.png */,
				9224D2291F59754D005147F5 /* settingsTabSelected.png */,
				9224D22A1F59754D005147F5 /* settingsTabUnselected.png */,
				9224D22B1F59754D005147F5 /* ShareButton.png */,
				9224D22C1F59754D005147F5 /* Sky.png */,
				9224D22F1F59754D005147F5 /* ThanksButton.png */,
				9224D2301F59754D005147F5 /* treeTabSelected.png */,
				9224D2311F59754D005147F5 /* treeTabUnselected.png */,
				9224D2321F59754D005147F5 /* White.png */,
			);
			path = Image;
			sourceTree = SOURCE_ROOT;
		};
		92428A051E4DD26700E82D0B = {
			isa = PBXGroup;
			children = (
				92428A101E4DD26700E82D0B /* DayTree */,
				92428A251E4DD26700E82D0B /* DayTreeTests */,
				92428A301E4DD26700E82D0B /* DayTreeUITests */,
				92428A0F1E4DD26700E82D0B /* Products */,
				08129D63DBC9A744964D1D1C /* Pods */,
				182113D22EA1C78D869CE629 /* Frameworks */,
			);
			sourceTree = "<group>";
		};
		92428A0F1E4DD26700E82D0B /* Products */ = {
			isa = PBXGroup;
			children = (
				92428A0E1E4DD26700E82D0B /* DayTree.app */,
				92428A221E4DD26700E82D0B /* DayTreeTests.xctest */,
				92428A2D1E4DD26700E82D0B /* DayTreeUITests.xctest */,
			);
			name = Products;
			sourceTree = "<group>";
		};
		92428A101E4DD26700E82D0B /* DayTree */ = {
			isa = PBXGroup;
			children = (
				9224D2021F59754D005147F5 /* Image */,
				923C4E041F7514050065330D /* ANGLE.png */,
				92BD3C891F4AB4E600980251 /* rain.sks */,
				92E122571F4D128100304727 /* rain2.sks */,
				92428A111E4DD26700E82D0B /* AppDelegate.swift */,
				92BB79F71F492741000A55F1 /* Extensions.swift */,
				92428A131E4DD26700E82D0B /* ViewController.swift */,
				925D1DDA1F4FC775002E1CF7 /* IntroViewController.swift */,
				923D8A411E80F08B00981375 /* CellViewController.swift */,
				925655391F358FE2005B5852 /* TreeViewController.swift */,
				925D1DE41F4FF3C8002E1CF7 /* ParentTabBarController.swift */,
				925D1DFC1F5006F3002E1CF7 /* SettingsViewController.swift */,
				923934961F6E71F60046BA14 /* PlanetViewController.swift */,
				9282B5CA1F87856E0046F0A6 /* CalendarCellViewController.swift */,
				92698B101F84F252000487BB /* FSCalendarViewController.swift */,
				923D8A431E810C1200981375 /* Main.storyboard */,
				92428A181E4DD26700E82D0B /* Assets.xcassets */,
				92428A1A1E4DD26700E82D0B /* LaunchScreen.storyboard */,
				92428A1D1E4DD26700E82D0B /* Info.plist */,
				92428A3F1E4DDD3800E82D0B /* img0.jpg */,
				92428A401E4DDD3800E82D0B /* img1.jpg */,
				92428A411E4DDD3800E82D0B /* img2.jpg */,
				92428A421E4DDD3800E82D0B /* img3.jpg */,
				92428A431E4DDD3800E82D0B /* img4.jpg */,
				92428A441E4DDD3800E82D0B /* img5.jpg */,
				92428A451E4DDD3800E82D0B /* img6.jpg */,
				92428A461E4DDD3800E82D0B /* img7.jpg */,
			);
			path = DayTree;
			sourceTree = "<group>";
		};
		92428A251E4DD26700E82D0B /* DayTreeTests */ = {
			isa = PBXGroup;
			children = (
				92428A261E4DD26700E82D0B /* DayTreeTests.swift */,
				92428A281E4DD26700E82D0B /* Info.plist */,
			);
			path = DayTreeTests;
			sourceTree = "<group>";
		};
		92428A301E4DD26700E82D0B /* DayTreeUITests */ = {
			isa = PBXGroup;
			children = (
				92428A311E4DD26700E82D0B /* DayTreeUITests.swift */,
				92428A331E4DD26700E82D0B /* Info.plist */,
			);
			path = DayTreeUITests;
			sourceTree = "<group>";
		};
/* End PBXGroup section */

/* Begin PBXNativeTarget section */
		92428A0D1E4DD26700E82D0B /* DayTree */ = {
			isa = PBXNativeTarget;
			buildConfigurationList = 92428A361E4DD26700E82D0B /* Build configuration list for PBXNativeTarget "DayTree" */;
			buildPhases = (
				425A695A4A67C37F4A1F9FA2 /* [CP] Check Pods Manifest.lock */,
				92428A0A1E4DD26700E82D0B /* Sources */,
				92428A0B1E4DD26700E82D0B /* Frameworks */,
				92428A0C1E4DD26700E82D0B /* Resources */,
				D5AF002DEBEC5CDC36D2494A /* [CP] Embed Pods Frameworks */,
				85B2BF5ED7801EF16C373EAE /* [CP] Copy Pods Resources */,
			);
			buildRules = (
			);
			dependencies = (
			);
			name = DayTree;
			productName = DayTree;
			productReference = 92428A0E1E4DD26700E82D0B /* DayTree.app */;
			productType = "com.apple.product-type.application";
		};
		92428A211E4DD26700E82D0B /* DayTreeTests */ = {
			isa = PBXNativeTarget;
			buildConfigurationList = 92428A391E4DD26700E82D0B /* Build configuration list for PBXNativeTarget "DayTreeTests" */;
			buildPhases = (
				1EA3B9223DA7E2951A3F928E /* [CP] Check Pods Manifest.lock */,
				92428A1E1E4DD26700E82D0B /* Sources */,
				92428A1F1E4DD26700E82D0B /* Frameworks */,
				92428A201E4DD26700E82D0B /* Resources */,
				D1BF9C38E3F74B56300145D8 /* [CP] Embed Pods Frameworks */,
				F796981D4D91591105D758AA /* [CP] Copy Pods Resources */,
			);
			buildRules = (
			);
			dependencies = (
				92428A241E4DD26700E82D0B /* PBXTargetDependency */,
			);
			name = DayTreeTests;
			productName = DayTreeTests;
			productReference = 92428A221E4DD26700E82D0B /* DayTreeTests.xctest */;
			productType = "com.apple.product-type.bundle.unit-test";
		};
		92428A2C1E4DD26700E82D0B /* DayTreeUITests */ = {
			isa = PBXNativeTarget;
			buildConfigurationList = 92428A3C1E4DD26700E82D0B /* Build configuration list for PBXNativeTarget "DayTreeUITests" */;
			buildPhases = (
				7090D1C82DAF3086E0DEBCE5 /* [CP] Check Pods Manifest.lock */,
				92428A291E4DD26700E82D0B /* Sources */,
				92428A2A1E4DD26700E82D0B /* Frameworks */,
				92428A2B1E4DD26700E82D0B /* Resources */,
				2A109DD4721D61C883EB7FFB /* [CP] Embed Pods Frameworks */,
				2D04BC166DF3428C58129D10 /* [CP] Copy Pods Resources */,
			);
			buildRules = (
			);
			dependencies = (
				92428A2F1E4DD26700E82D0B /* PBXTargetDependency */,
			);
			name = DayTreeUITests;
			productName = DayTreeUITests;
			productReference = 92428A2D1E4DD26700E82D0B /* DayTreeUITests.xctest */;
			productType = "com.apple.product-type.bundle.ui-testing";
		};
/* End PBXNativeTarget section */

/* Begin PBXProject section */
		92428A061E4DD26700E82D0B /* Project object */ = {
			isa = PBXProject;
			attributes = {
				LastSwiftUpdateCheck = 0820;
				LastUpgradeCheck = 0820;
				ORGANIZATIONNAME = Yoshi;
				TargetAttributes = {
					92428A0D1E4DD26700E82D0B = {
						CreatedOnToolsVersion = 8.2.1;
						DevelopmentTeam = 4U939MWC6G;
						ProvisioningStyle = Automatic;
					};
					92428A211E4DD26700E82D0B = {
						CreatedOnToolsVersion = 8.2.1;
						ProvisioningStyle = Automatic;
						TestTargetID = 92428A0D1E4DD26700E82D0B;
					};
					92428A2C1E4DD26700E82D0B = {
						CreatedOnToolsVersion = 8.2.1;
						ProvisioningStyle = Automatic;
						TestTargetID = 92428A0D1E4DD26700E82D0B;
					};
				};
			};
			buildConfigurationList = 92428A091E4DD26700E82D0B /* Build configuration list for PBXProject "DayTree" */;
			compatibilityVersion = "Xcode 3.2";
			developmentRegion = English;
			hasScannedForEncodings = 0;
			knownRegions = (
				en,
				Base,
			);
			mainGroup = 92428A051E4DD26700E82D0B;
			productRefGroup = 92428A0F1E4DD26700E82D0B /* Products */;
			projectDirPath = "";
			projectRoot = "";
			targets = (
				92428A0D1E4DD26700E82D0B /* DayTree */,
				92428A211E4DD26700E82D0B /* DayTreeTests */,
				92428A2C1E4DD26700E82D0B /* DayTreeUITests */,
			);
		};
/* End PBXProject section */

/* Begin PBXResourcesBuildPhase section */
		92428A0C1E4DD26700E82D0B /* Resources */ = {
			isa = PBXResourcesBuildPhase;
			buildActionMask = 2147483647;
			files = (
				9224D2331F59754D005147F5 /* Add.png in Resources */,
				9224D2511F59754D005147F5 /* Intro4.png in Resources */,
				9224D23C1F59754D005147F5 /* Blue6.png in Resources */,
				92BD3C8A1F4AB4E600980251 /* rain.sks in Resources */,
				9224D2551F59754D005147F5 /* rainDrops.png in Resources */,
				9224D24C1F59754D005147F5 /* Green7.png in Resources */,
				9224D23A1F59754D005147F5 /* Blue4.png in Resources */,
				9224D25C1F59754D005147F5 /* Sky.png in Resources */,
				9224D23D1F59754D005147F5 /* Blue7.png in Resources */,
				9224D2591F59754D005147F5 /* settingsTabSelected.png in Resources */,
				9224D24D1F59754D005147F5 /* HelpButton.png in Resources */,
				925420621F6FBDE700CDCEA5 /* NormWeatherSky.png in Resources */,
				9224D24E1F59754D005147F5 /* Intro1.png in Resources */,
				9224D2621F59754D005147F5 /* White.png in Resources */,
				92428A4E1E4DDD3800E82D0B /* img7.jpg in Resources */,
				9224D25F1F59754D005147F5 /* ThanksButton.png in Resources */,
				92EC3AEF1F702F4300C1DA1D /* normButton.png in Resources */,
				9224D2351F59754D005147F5 /* Back2.png in Resources */,
				92E122581F4D128100304727 /* rain2.sks in Resources */,
				92428A4B1E4DDD3800E82D0B /* img4.jpg in Resources */,
				9224D23E1F59754D005147F5 /* Blue8.png in Resources */,
				9224D2491F59754D005147F5 /* Green3.png in Resources */,
				923934931F6E4A350046BA14 /* frozen-planet.png in Resources */,
				9224D2611F59754D005147F5 /* treeTabUnselected.png in Resources */,
				92428A471E4DDD3800E82D0B /* img0.jpg in Resources */,
				923084BD1F715699008505C0 /* Green8.png in Resources */,
				923934951F6E4D150046BA14 /* better-planet.png in Resources */,
				923C4E051F7514050065330D /* ANGLE.png in Resources */,
				9224D24A1F59754D005147F5 /* Green4.png in Resources */,
				92428A481E4DDD3800E82D0B /* img1.jpg in Resources */,
				9224D2361F59754D005147F5 /* Blue0.png in Resources */,
				9224D2371F59754D005147F5 /* Blue1.png in Resources */,
				9224D2581F59754D005147F5 /* SettingsScreen.png in Resources */,
				92428A1C1E4DD26700E82D0B /* LaunchScreen.storyboard in Resources */,
				9224D24B1F59754D005147F5 /* Green6.png in Resources */,
				923D8A451E810C1200981375 /* Main.storyboard in Resources */,
				9224D25B1F59754D005147F5 /* ShareButton.png in Resources */,
				92428A4C1E4DDD3800E82D0B /* img5.jpg in Resources */,
				92428A4A1E4DDD3800E82D0B /* img3.jpg in Resources */,
				9224D2411F59754D005147F5 /* DarkTree.png in Resources */,
				92428A4D1E4DDD3800E82D0B /* img6.jpg in Resources */,
				9224D2341F59754D005147F5 /* AuthorButton.png in Resources */,
				9224D2501F59754D005147F5 /* Intro3.png in Resources */,
				9224D2601F59754D005147F5 /* treeTabSelected.png in Resources */,
				92EC3AF01F702F4300C1DA1D /* thunderButton.png in Resources */,
				9224D2531F59754D005147F5 /* LightTree.png in Resources */,
				9224D2541F59754D005147F5 /* RainButton.png in Resources */,
				9224D23B1F59754D005147F5 /* Blue5.png in Resources */,
				9224D2381F59754D005147F5 /* Blue2.png in Resources */,
				9224D24F1F59754D005147F5 /* Intro2.png in Resources */,
				9224D2421F59754D005147F5 /* Daytree2.png in Resources */,
				925420641F6FC32D00CDCEA5 /* SunWeatherSky.png in Resources */,
				9224D2431F59754D005147F5 /* DefaultEntry2.png in Resources */,
				9224D2391F59754D005147F5 /* Blue3.png in Resources */,
				925420681F6FD0BE00CDCEA5 /* ThunderClouds.png in Resources */,
				9224D2451F59754D005147F5 /* entryTabUnselected.png in Resources */,
				9224D2461F59754D005147F5 /* Green0.png in Resources */,
				9224D2481F59754D005147F5 /* Green2.png in Resources */,
				9254206A1F6FD0BE00CDCEA5 /* ThunderRight.png in Resources */,
				9224D2571F59754D005147F5 /* RainSky.png in Resources */,
				9224D25A1F59754D005147F5 /* settingsTabUnselected.png in Resources */,
				9224D2521F59754D005147F5 /* IntroButton.png in Resources */,
				9224D2401F59754D005147F5 /* Camera2.png in Resources */,
				9224D2471F59754D005147F5 /* Green1.png in Resources */,
				9224D2561F59754D005147F5 /* RainFog.png in Resources */,
				921AAA671F87961A00E17D86 /* settingsButton.png in Resources */,
				92428A191E4DD26700E82D0B /* Assets.xcassets in Resources */,
				9224D2441F59754D005147F5 /* entryTabSelected.png in Resources */,
				92428A491E4DDD3800E82D0B /* img2.jpg in Resources */,
				9224D23F1F59754D005147F5 /* BrightButton.png in Resources */,
				925420691F6FD0BE00CDCEA5 /* ThunderLeft.png in Resources */,
			);
			runOnlyForDeploymentPostprocessing = 0;
		};
		92428A201E4DD26700E82D0B /* Resources */ = {
			isa = PBXResourcesBuildPhase;
			buildActionMask = 2147483647;
			files = (
			);
			runOnlyForDeploymentPostprocessing = 0;
		};
		92428A2B1E4DD26700E82D0B /* Resources */ = {
			isa = PBXResourcesBuildPhase;
			buildActionMask = 2147483647;
			files = (
			);
			runOnlyForDeploymentPostprocessing = 0;
		};
/* End PBXResourcesBuildPhase section */

/* Begin PBXShellScriptBuildPhase section */
		1EA3B9223DA7E2951A3F928E /* [CP] Check Pods Manifest.lock */ = {
			isa = PBXShellScriptBuildPhase;
			buildActionMask = 2147483647;
			files = (
			);
			inputPaths = (
			);
			name = "[CP] Check Pods Manifest.lock";
			outputPaths = (
			);
			runOnlyForDeploymentPostprocessing = 0;
			shellPath = /bin/sh;
			shellScript = "diff \"${PODS_PODFILE_DIR_PATH}/Podfile.lock\" \"${PODS_ROOT}/Manifest.lock\" > /dev/null\nif [ $? != 0 ] ; then\n    # print error to STDERR\n    echo \"error: The sandbox is not in sync with the Podfile.lock. Run 'pod install' or update your CocoaPods installation.\" >&2\n    exit 1\nfi\n";
			showEnvVarsInLog = 0;
		};
		2A109DD4721D61C883EB7FFB /* [CP] Embed Pods Frameworks */ = {
			isa = PBXShellScriptBuildPhase;
			buildActionMask = 2147483647;
			files = (
			);
			inputPaths = (
			);
			name = "[CP] Embed Pods Frameworks";
			outputPaths = (
			);
			runOnlyForDeploymentPostprocessing = 0;
			shellPath = /bin/sh;
			shellScript = "\"${SRCROOT}/Pods/Target Support Files/Pods-DayTreeUITests/Pods-DayTreeUITests-frameworks.sh\"\n";
			showEnvVarsInLog = 0;
		};
		2D04BC166DF3428C58129D10 /* [CP] Copy Pods Resources */ = {
			isa = PBXShellScriptBuildPhase;
			buildActionMask = 2147483647;
			files = (
			);
			inputPaths = (
			);
			name = "[CP] Copy Pods Resources";
			outputPaths = (
			);
			runOnlyForDeploymentPostprocessing = 0;
			shellPath = /bin/sh;
			shellScript = "\"${SRCROOT}/Pods/Target Support Files/Pods-DayTreeUITests/Pods-DayTreeUITests-resources.sh\"\n";
			showEnvVarsInLog = 0;
		};
		425A695A4A67C37F4A1F9FA2 /* [CP] Check Pods Manifest.lock */ = {
			isa = PBXShellScriptBuildPhase;
			buildActionMask = 2147483647;
			files = (
			);
			inputPaths = (
			);
			name = "[CP] Check Pods Manifest.lock";
			outputPaths = (
			);
			runOnlyForDeploymentPostprocessing = 0;
			shellPath = /bin/sh;
			shellScript = "diff \"${PODS_PODFILE_DIR_PATH}/Podfile.lock\" \"${PODS_ROOT}/Manifest.lock\" > /dev/null\nif [ $? != 0 ] ; then\n    # print error to STDERR\n    echo \"error: The sandbox is not in sync with the Podfile.lock. Run 'pod install' or update your CocoaPods installation.\" >&2\n    exit 1\nfi\n";
			showEnvVarsInLog = 0;
		};
		7090D1C82DAF3086E0DEBCE5 /* [CP] Check Pods Manifest.lock */ = {
			isa = PBXShellScriptBuildPhase;
			buildActionMask = 2147483647;
			files = (
			);
			inputPaths = (
			);
			name = "[CP] Check Pods Manifest.lock";
			outputPaths = (
			);
			runOnlyForDeploymentPostprocessing = 0;
			shellPath = /bin/sh;
			shellScript = "diff \"${PODS_PODFILE_DIR_PATH}/Podfile.lock\" \"${PODS_ROOT}/Manifest.lock\" > /dev/null\nif [ $? != 0 ] ; then\n    # print error to STDERR\n    echo \"error: The sandbox is not in sync with the Podfile.lock. Run 'pod install' or update your CocoaPods installation.\" >&2\n    exit 1\nfi\n";
			showEnvVarsInLog = 0;
		};
		85B2BF5ED7801EF16C373EAE /* [CP] Copy Pods Resources */ = {
			isa = PBXShellScriptBuildPhase;
			buildActionMask = 2147483647;
			files = (
			);
			inputPaths = (
			);
			name = "[CP] Copy Pods Resources";
			outputPaths = (
			);
			runOnlyForDeploymentPostprocessing = 0;
			shellPath = /bin/sh;
			shellScript = "\"${SRCROOT}/Pods/Target Support Files/Pods-DayTree/Pods-DayTree-resources.sh\"\n";
			showEnvVarsInLog = 0;
		};
		D1BF9C38E3F74B56300145D8 /* [CP] Embed Pods Frameworks */ = {
			isa = PBXShellScriptBuildPhase;
			buildActionMask = 2147483647;
			files = (
			);
			inputPaths = (
			);
			name = "[CP] Embed Pods Frameworks";
			outputPaths = (
			);
			runOnlyForDeploymentPostprocessing = 0;
			shellPath = /bin/sh;
			shellScript = "\"${SRCROOT}/Pods/Target Support Files/Pods-DayTreeTests/Pods-DayTreeTests-frameworks.sh\"\n";
			showEnvVarsInLog = 0;
		};
		D5AF002DEBEC5CDC36D2494A /* [CP] Embed Pods Frameworks */ = {
			isa = PBXShellScriptBuildPhase;
			buildActionMask = 2147483647;
			files = (
			);
			inputPaths = (
			);
			name = "[CP] Embed Pods Frameworks";
			outputPaths = (
			);
			runOnlyForDeploymentPostprocessing = 0;
			shellPath = /bin/sh;
			shellScript = "\"${SRCROOT}/Pods/Target Support Files/Pods-DayTree/Pods-DayTree-frameworks.sh\"\n";
			showEnvVarsInLog = 0;
		};
		F796981D4D91591105D758AA /* [CP] Copy Pods Resources */ = {
			isa = PBXShellScriptBuildPhase;
			buildActionMask = 2147483647;
			files = (
			);
			inputPaths = (
			);
			name = "[CP] Copy Pods Resources";
			outputPaths = (
			);
			runOnlyForDeploymentPostprocessing = 0;
			shellPath = /bin/sh;
			shellScript = "\"${SRCROOT}/Pods/Target Support Files/Pods-DayTreeTests/Pods-DayTreeTests-resources.sh\"\n";
			showEnvVarsInLog = 0;
		};
/* End PBXShellScriptBuildPhase section */

/* Begin PBXSourcesBuildPhase section */
		92428A0A1E4DD26700E82D0B /* Sources */ = {
			isa = PBXSourcesBuildPhase;
			buildActionMask = 2147483647;
			files = (
				9282B5CB1F87856E0046F0A6 /* CalendarCellViewController.swift in Sources */,
				92BB79F81F492741000A55F1 /* Extensions.swift in Sources */,
				92698B111F84F252000487BB /* FSCalendarViewController.swift in Sources */,
				923D8A421E80F08B00981375 /* CellViewController.swift in Sources */,
				923934971F6E71F60046BA14 /* PlanetViewController.swift in Sources */,
				925D1DE51F4FF3C8002E1CF7 /* ParentTabBarController.swift in Sources */,
				925D1DDB1F4FC775002E1CF7 /* IntroViewController.swift in Sources */,
				92428A141E4DD26700E82D0B /* ViewController.swift in Sources */,
				9256553A1F358FE2005B5852 /* TreeViewController.swift in Sources */,
				92428A121E4DD26700E82D0B /* AppDelegate.swift in Sources */,
				925D1DFD1F5006F3002E1CF7 /* SettingsViewController.swift in Sources */,
			);
			runOnlyForDeploymentPostprocessing = 0;
		};
		92428A1E1E4DD26700E82D0B /* Sources */ = {
			isa = PBXSourcesBuildPhase;
			buildActionMask = 2147483647;
			files = (
				92428A271E4DD26700E82D0B /* DayTreeTests.swift in Sources */,
			);
			runOnlyForDeploymentPostprocessing = 0;
		};
		92428A291E4DD26700E82D0B /* Sources */ = {
			isa = PBXSourcesBuildPhase;
			buildActionMask = 2147483647;
			files = (
				92428A321E4DD26700E82D0B /* DayTreeUITests.swift in Sources */,
			);
			runOnlyForDeploymentPostprocessing = 0;
		};
/* End PBXSourcesBuildPhase section */

/* Begin PBXTargetDependency section */
		92428A241E4DD26700E82D0B /* PBXTargetDependency */ = {
			isa = PBXTargetDependency;
			target = 92428A0D1E4DD26700E82D0B /* DayTree */;
			targetProxy = 92428A231E4DD26700E82D0B /* PBXContainerItemProxy */;
		};
		92428A2F1E4DD26700E82D0B /* PBXTargetDependency */ = {
			isa = PBXTargetDependency;
			target = 92428A0D1E4DD26700E82D0B /* DayTree */;
			targetProxy = 92428A2E1E4DD26700E82D0B /* PBXContainerItemProxy */;
		};
/* End PBXTargetDependency section */

/* Begin PBXVariantGroup section */
		923D8A431E810C1200981375 /* Main.storyboard */ = {
			isa = PBXVariantGroup;
			children = (
				923D8A441E810C1200981375 /* Base */,
			);
			name = Main.storyboard;
			sourceTree = "<group>";
		};
		92428A1A1E4DD26700E82D0B /* LaunchScreen.storyboard */ = {
			isa = PBXVariantGroup;
			children = (
				92428A1B1E4DD26700E82D0B /* Base */,
			);
			name = LaunchScreen.storyboard;
			sourceTree = "<group>";
		};
/* End PBXVariantGroup section */

/* Begin XCBuildConfiguration section */
		92428A341E4DD26700E82D0B /* Debug */ = {
			isa = XCBuildConfiguration;
			buildSettings = {
				ALWAYS_SEARCH_USER_PATHS = NO;
				CLANG_ANALYZER_NONNULL = YES;
				CLANG_CXX_LANGUAGE_STANDARD = "gnu++0x";
				CLANG_CXX_LIBRARY = "libc++";
				CLANG_ENABLE_MODULES = YES;
				CLANG_ENABLE_OBJC_ARC = YES;
				CLANG_WARN_BOOL_CONVERSION = YES;
				CLANG_WARN_CONSTANT_CONVERSION = YES;
				CLANG_WARN_DIRECT_OBJC_ISA_USAGE = YES_ERROR;
				CLANG_WARN_DOCUMENTATION_COMMENTS = YES;
				CLANG_WARN_EMPTY_BODY = YES;
				CLANG_WARN_ENUM_CONVERSION = YES;
				CLANG_WARN_INFINITE_RECURSION = YES;
				CLANG_WARN_INT_CONVERSION = YES;
				CLANG_WARN_OBJC_ROOT_CLASS = YES_ERROR;
				CLANG_WARN_SUSPICIOUS_MOVE = YES;
				CLANG_WARN_UNREACHABLE_CODE = YES;
				CLANG_WARN__DUPLICATE_METHOD_MATCH = YES;
				"CODE_SIGN_IDENTITY[sdk=iphoneos*]" = "iPhone Developer";
				COPY_PHASE_STRIP = NO;
				DEBUG_INFORMATION_FORMAT = dwarf;
				ENABLE_STRICT_OBJC_MSGSEND = YES;
				ENABLE_TESTABILITY = YES;
				GCC_C_LANGUAGE_STANDARD = gnu99;
				GCC_DYNAMIC_NO_PIC = NO;
				GCC_NO_COMMON_BLOCKS = YES;
				GCC_OPTIMIZATION_LEVEL = 0;
				GCC_PREPROCESSOR_DEFINITIONS = (
					"DEBUG=1",
					"$(inherited)",
				);
				GCC_WARN_64_TO_32_BIT_CONVERSION = YES;
				GCC_WARN_ABOUT_RETURN_TYPE = YES_ERROR;
				GCC_WARN_UNDECLARED_SELECTOR = YES;
				GCC_WARN_UNINITIALIZED_AUTOS = YES_AGGRESSIVE;
				GCC_WARN_UNUSED_FUNCTION = YES;
				GCC_WARN_UNUSED_VARIABLE = YES;
				IPHONEOS_DEPLOYMENT_TARGET = 10.2;
				MTL_ENABLE_DEBUG_INFO = YES;
				ONLY_ACTIVE_ARCH = YES;
				SDKROOT = iphoneos;
				SWIFT_ACTIVE_COMPILATION_CONDITIONS = DEBUG;
				SWIFT_OPTIMIZATION_LEVEL = "-Onone";
			};
			name = Debug;
		};
		92428A351E4DD26700E82D0B /* Release */ = {
			isa = XCBuildConfiguration;
			buildSettings = {
				ALWAYS_SEARCH_USER_PATHS = NO;
				CLANG_ANALYZER_NONNULL = YES;
				CLANG_CXX_LANGUAGE_STANDARD = "gnu++0x";
				CLANG_CXX_LIBRARY = "libc++";
				CLANG_ENABLE_MODULES = YES;
				CLANG_ENABLE_OBJC_ARC = YES;
				CLANG_WARN_BOOL_CONVERSION = YES;
				CLANG_WARN_CONSTANT_CONVERSION = YES;
				CLANG_WARN_DIRECT_OBJC_ISA_USAGE = YES_ERROR;
				CLANG_WARN_DOCUMENTATION_COMMENTS = YES;
				CLANG_WARN_EMPTY_BODY = YES;
				CLANG_WARN_ENUM_CONVERSION = YES;
				CLANG_WARN_INFINITE_RECURSION = YES;
				CLANG_WARN_INT_CONVERSION = YES;
				CLANG_WARN_OBJC_ROOT_CLASS = YES_ERROR;
				CLANG_WARN_SUSPICIOUS_MOVE = YES;
				CLANG_WARN_UNREACHABLE_CODE = YES;
				CLANG_WARN__DUPLICATE_METHOD_MATCH = YES;
				"CODE_SIGN_IDENTITY[sdk=iphoneos*]" = "iPhone Developer";
				COPY_PHASE_STRIP = NO;
				DEBUG_INFORMATION_FORMAT = "dwarf-with-dsym";
				ENABLE_NS_ASSERTIONS = NO;
				ENABLE_STRICT_OBJC_MSGSEND = YES;
				GCC_C_LANGUAGE_STANDARD = gnu99;
				GCC_NO_COMMON_BLOCKS = YES;
				GCC_WARN_64_TO_32_BIT_CONVERSION = YES;
				GCC_WARN_ABOUT_RETURN_TYPE = YES_ERROR;
				GCC_WARN_UNDECLARED_SELECTOR = YES;
				GCC_WARN_UNINITIALIZED_AUTOS = YES_AGGRESSIVE;
				GCC_WARN_UNUSED_FUNCTION = YES;
				GCC_WARN_UNUSED_VARIABLE = YES;
				IPHONEOS_DEPLOYMENT_TARGET = 10.2;
				MTL_ENABLE_DEBUG_INFO = NO;
				SDKROOT = iphoneos;
				SWIFT_OPTIMIZATION_LEVEL = "-Owholemodule";
				VALIDATE_PRODUCT = YES;
			};
			name = Release;
		};
		92428A371E4DD26700E82D0B /* Debug */ = {
			isa = XCBuildConfiguration;
			baseConfigurationReference = F0DB0D53900DA96709E9883F /* Pods-DayTree.debug.xcconfig */;
			buildSettings = {
				ASSETCATALOG_COMPILER_APPICON_NAME = AppIcon;
				DEVELOPMENT_TEAM = 4U939MWC6G;
				INFOPLIST_FILE = DayTree/Info.plist;
				IPHONEOS_DEPLOYMENT_TARGET = 10.2;
				LD_RUNPATH_SEARCH_PATHS = "$(inherited) @executable_path/Frameworks";
				PRODUCT_BUNDLE_IDENTIFIER = Shibahara.DayTree;
				PRODUCT_NAME = "$(TARGET_NAME)";
				SWIFT_VERSION = 3.0;
			};
			name = Debug;
		};
		92428A381E4DD26700E82D0B /* Release */ = {
			isa = XCBuildConfiguration;
			baseConfigurationReference = 9052B390CA62DDE1A2DA21CD /* Pods-DayTree.release.xcconfig */;
			buildSettings = {
				ASSETCATALOG_COMPILER_APPICON_NAME = AppIcon;
				DEVELOPMENT_TEAM = 4U939MWC6G;
				INFOPLIST_FILE = DayTree/Info.plist;
				IPHONEOS_DEPLOYMENT_TARGET = 10.2;
				LD_RUNPATH_SEARCH_PATHS = "$(inherited) @executable_path/Frameworks";
				PRODUCT_BUNDLE_IDENTIFIER = Shibahara.DayTree;
				PRODUCT_NAME = "$(TARGET_NAME)";
				SWIFT_VERSION = 3.0;
			};
			name = Release;
		};
		92428A3A1E4DD26700E82D0B /* Debug */ = {
			isa = XCBuildConfiguration;
			baseConfigurationReference = AA4BA796C7C7CDE38A09EDD5 /* Pods-DayTreeTests.debug.xcconfig */;
			buildSettings = {
				ALWAYS_EMBED_SWIFT_STANDARD_LIBRARIES = YES;
				BUNDLE_LOADER = "$(TEST_HOST)";
				INFOPLIST_FILE = DayTreeTests/Info.plist;
				LD_RUNPATH_SEARCH_PATHS = "$(inherited) @executable_path/Frameworks @loader_path/Frameworks";
				PRODUCT_BUNDLE_IDENTIFIER = Shibahara.DayTreeTests;
				PRODUCT_NAME = "$(TARGET_NAME)";
				SWIFT_VERSION = 3.0;
				TEST_HOST = "$(BUILT_PRODUCTS_DIR)/DayTree.app/DayTree";
			};
			name = Debug;
		};
		92428A3B1E4DD26700E82D0B /* Release */ = {
			isa = XCBuildConfiguration;
			baseConfigurationReference = 4F5449FC280A79518A1552F6 /* Pods-DayTreeTests.release.xcconfig */;
			buildSettings = {
				ALWAYS_EMBED_SWIFT_STANDARD_LIBRARIES = YES;
				BUNDLE_LOADER = "$(TEST_HOST)";
				INFOPLIST_FILE = DayTreeTests/Info.plist;
				LD_RUNPATH_SEARCH_PATHS = "$(inherited) @executable_path/Frameworks @loader_path/Frameworks";
				PRODUCT_BUNDLE_IDENTIFIER = Shibahara.DayTreeTests;
				PRODUCT_NAME = "$(TARGET_NAME)";
				SWIFT_VERSION = 3.0;
				TEST_HOST = "$(BUILT_PRODUCTS_DIR)/DayTree.app/DayTree";
			};
			name = Release;
		};
		92428A3D1E4DD26700E82D0B /* Debug */ = {
			isa = XCBuildConfiguration;
			baseConfigurationReference = C6E1266F328463E96C4610A3 /* Pods-DayTreeUITests.debug.xcconfig */;
			buildSettings = {
				ALWAYS_EMBED_SWIFT_STANDARD_LIBRARIES = YES;
				INFOPLIST_FILE = DayTreeUITests/Info.plist;
				LD_RUNPATH_SEARCH_PATHS = "$(inherited) @executable_path/Frameworks @loader_path/Frameworks";
				PRODUCT_BUNDLE_IDENTIFIER = Shibahara.DayTreeUITests;
				PRODUCT_NAME = "$(TARGET_NAME)";
				SWIFT_VERSION = 3.0;
				TEST_TARGET_NAME = DayTree;
			};
			name = Debug;
		};
		92428A3E1E4DD26700E82D0B /* Release */ = {
			isa = XCBuildConfiguration;
			baseConfigurationReference = AFDFA0D6AF4BCCE03FC696C5 /* Pods-DayTreeUITests.release.xcconfig */;
			buildSettings = {
				ALWAYS_EMBED_SWIFT_STANDARD_LIBRARIES = YES;
				INFOPLIST_FILE = DayTreeUITests/Info.plist;
				LD_RUNPATH_SEARCH_PATHS = "$(inherited) @executable_path/Frameworks @loader_path/Frameworks";
				PRODUCT_BUNDLE_IDENTIFIER = Shibahara.DayTreeUITests;
				PRODUCT_NAME = "$(TARGET_NAME)";
				SWIFT_VERSION = 3.0;
				TEST_TARGET_NAME = DayTree;
			};
			name = Release;
		};
/* End XCBuildConfiguration section */

/* Begin XCConfigurationList section */
		92428A091E4DD26700E82D0B /* Build configuration list for PBXProject "DayTree" */ = {
			isa = XCConfigurationList;
			buildConfigurations = (
				92428A341E4DD26700E82D0B /* Debug */,
				92428A351E4DD26700E82D0B /* Release */,
			);
			defaultConfigurationIsVisible = 0;
			defaultConfigurationName = Release;
		};
		92428A361E4DD26700E82D0B /* Build configuration list for PBXNativeTarget "DayTree" */ = {
			isa = XCConfigurationList;
			buildConfigurations = (
				92428A371E4DD26700E82D0B /* Debug */,
				92428A381E4DD26700E82D0B /* Release */,
			);
			defaultConfigurationIsVisible = 0;
			defaultConfigurationName = Release;
		};
		92428A391E4DD26700E82D0B /* Build configuration list for PBXNativeTarget "DayTreeTests" */ = {
			isa = XCConfigurationList;
			buildConfigurations = (
				92428A3A1E4DD26700E82D0B /* Debug */,
				92428A3B1E4DD26700E82D0B /* Release */,
			);
			defaultConfigurationIsVisible = 0;
			defaultConfigurationName = Release;
		};
		92428A3C1E4DD26700E82D0B /* Build configuration list for PBXNativeTarget "DayTreeUITests" */ = {
			isa = XCConfigurationList;
			buildConfigurations = (
				92428A3D1E4DD26700E82D0B /* Debug */,
				92428A3E1E4DD26700E82D0B /* Release */,
			);
			defaultConfigurationIsVisible = 0;
			defaultConfigurationName = Release;
		};
/* End XCConfigurationList section */
	};
	rootObject = 92428A061E4DD26700E82D0B /* Project object */;
}
